// !$*UTF8*$!
{
	archiveVersion = 1;
	classes = {
	};
	objectVersion = 54;
	objects = {

/* Begin PBXBuildFile section */
		776F7CDD2D72214C0086678B /* RxCocoa.framework in Frameworks */ = {isa = PBXBuildFile; fileRef = 7767F45E2D7205E200BFCA35 /* RxCocoa.framework */; };
		776F7CDE2D72214C0086678B /* RxCocoa.framework in Embed Frameworks */ = {isa = PBXBuildFile; fileRef = 7767F45E2D7205E200BFCA35 /* RxCocoa.framework */; settings = {ATTRIBUTES = (CodeSignOnCopy, RemoveHeadersOnCopy, ); }; };
		776F7CDF2D72214C0086678B /* RxSwift.framework in Frameworks */ = {isa = PBXBuildFile; fileRef = 7767F45C2D7205E200BFCA35 /* RxSwift.framework */; };
		776F7CE02D72214C0086678B /* RxSwift.framework in Embed Frameworks */ = {isa = PBXBuildFile; fileRef = 7767F45C2D7205E200BFCA35 /* RxSwift.framework */; settings = {ATTRIBUTES = (CodeSignOnCopy, RemoveHeadersOnCopy, ); }; };
		776F7CE22D72217F0086678B /* RxCocoa.framework in Frameworks */ = {isa = PBXBuildFile; fileRef = 7767F45E2D7205E200BFCA35 /* RxCocoa.framework */; };
		776F7CE32D72217F0086678B /* RxCocoa.framework in Embed Frameworks */ = {isa = PBXBuildFile; fileRef = 7767F45E2D7205E200BFCA35 /* RxCocoa.framework */; settings = {ATTRIBUTES = (CodeSignOnCopy, RemoveHeadersOnCopy, ); }; };
		776F7CE42D72217F0086678B /* RxSwift.framework in Frameworks */ = {isa = PBXBuildFile; fileRef = 7767F45C2D7205E200BFCA35 /* RxSwift.framework */; };
		776F7CE52D72217F0086678B /* RxSwift.framework in Embed Frameworks */ = {isa = PBXBuildFile; fileRef = 7767F45C2D7205E200BFCA35 /* RxSwift.framework */; settings = {ATTRIBUTES = (CodeSignOnCopy, RemoveHeadersOnCopy, ); }; };
		776F7CE72D72218B0086678B /* ReusableView.framework in Frameworks */ = {isa = PBXBuildFile; fileRef = 7767F4762D7205F200BFCA35 /* ReusableView.framework */; };
		776F7CE82D72218B0086678B /* ReusableView.framework in Embed Frameworks */ = {isa = PBXBuildFile; fileRef = 7767F4762D7205F200BFCA35 /* ReusableView.framework */; settings = {ATTRIBUTES = (CodeSignOnCopy, RemoveHeadersOnCopy, ); }; };
		776F7CE92D72218B0086678B /* RxCocoa.framework in Frameworks */ = {isa = PBXBuildFile; fileRef = 7767F45E2D7205E200BFCA35 /* RxCocoa.framework */; };
		776F7CEA2D72218B0086678B /* RxCocoa.framework in Embed Frameworks */ = {isa = PBXBuildFile; fileRef = 7767F45E2D7205E200BFCA35 /* RxCocoa.framework */; settings = {ATTRIBUTES = (CodeSignOnCopy, RemoveHeadersOnCopy, ); }; };
		776F7CEB2D72218B0086678B /* RxSwift.framework in Frameworks */ = {isa = PBXBuildFile; fileRef = 7767F45C2D7205E200BFCA35 /* RxSwift.framework */; };
		776F7CEC2D72218B0086678B /* RxSwift.framework in Embed Frameworks */ = {isa = PBXBuildFile; fileRef = 7767F45C2D7205E200BFCA35 /* RxSwift.framework */; settings = {ATTRIBUTES = (CodeSignOnCopy, RemoveHeadersOnCopy, ); }; };
		776F7CEE2D72220E0086678B /* ReusableView.framework in Frameworks */ = {isa = PBXBuildFile; fileRef = 7767F4762D7205F200BFCA35 /* ReusableView.framework */; };
		776F7CEF2D72220E0086678B /* ReusableView.framework in Embed Frameworks */ = {isa = PBXBuildFile; fileRef = 7767F4762D7205F200BFCA35 /* ReusableView.framework */; settings = {ATTRIBUTES = (CodeSignOnCopy, RemoveHeadersOnCopy, ); }; };
		776F7CF02D72220E0086678B /* RxCocoa.framework in Frameworks */ = {isa = PBXBuildFile; fileRef = 7767F45E2D7205E200BFCA35 /* RxCocoa.framework */; };
		776F7CF12D72220E0086678B /* RxCocoa.framework in Embed Frameworks */ = {isa = PBXBuildFile; fileRef = 7767F45E2D7205E200BFCA35 /* RxCocoa.framework */; settings = {ATTRIBUTES = (CodeSignOnCopy, RemoveHeadersOnCopy, ); }; };
		776F7CF22D72220E0086678B /* RxSwift.framework in Frameworks */ = {isa = PBXBuildFile; fileRef = 7767F45C2D7205E200BFCA35 /* RxSwift.framework */; };
		776F7CF32D72220E0086678B /* RxSwift.framework in Embed Frameworks */ = {isa = PBXBuildFile; fileRef = 7767F45C2D7205E200BFCA35 /* RxSwift.framework */; settings = {ATTRIBUTES = (CodeSignOnCopy, RemoveHeadersOnCopy, ); }; };
		C0388C722109CA3F00E42364 /* AppDelegate.swift in Sources */ = {isa = PBXBuildFile; fileRef = C0388C712109CA3F00E42364 /* AppDelegate.swift */; };
		C0388C792109CA4000E42364 /* Assets.xcassets in Resources */ = {isa = PBXBuildFile; fileRef = C0388C782109CA4000E42364 /* Assets.xcassets */; };
		C0388C7C2109CA4000E42364 /* LaunchScreen.storyboard in Resources */ = {isa = PBXBuildFile; fileRef = C0388C7A2109CA4000E42364 /* LaunchScreen.storyboard */; };
		C089D3281D54A3BF00599DD7 /* AppRouter.framework in Frameworks */ = {isa = PBXBuildFile; fileRef = C089D31E1D54A3BF00599DD7 /* AppRouter.framework */; };
		C089D33B1D54A42700599DD7 /* AppRouterAccessorsTests.swift in Sources */ = {isa = PBXBuildFile; fileRef = C0EDB0551D549CE200E38951 /* AppRouterAccessorsTests.swift */; };
		C089D33C1D54A42700599DD7 /* AppRouterAnimationsTests.swift in Sources */ = {isa = PBXBuildFile; fileRef = C0EDB0581D549CF000E38951 /* AppRouterAnimationsTests.swift */; };
		C089D33D1D54A42700599DD7 /* AppRouterInstantiationsTests.storyboard in Resources */ = {isa = PBXBuildFile; fileRef = C0EDB05B1D549D0100E38951 /* AppRouterInstantiationsTests.storyboard */; };
		C089D33E1D54A42700599DD7 /* AppRouterInstantiationsTests.swift in Sources */ = {isa = PBXBuildFile; fileRef = C0EDB05C1D549D0100E38951 /* AppRouterInstantiationsTests.swift */; };
		C089D33F1D54A42700599DD7 /* AppRouterInstantiationsTestsViewController.swift in Sources */ = {isa = PBXBuildFile; fileRef = C0EDB05D1D549D0100E38951 /* AppRouterInstantiationsTestsViewController.swift */; };
		C089D3401D54A42700599DD7 /* StoryboardWithInitialNavigationController.storyboard in Resources */ = {isa = PBXBuildFile; fileRef = C0EDB05E1D549D0100E38951 /* StoryboardWithInitialNavigationController.storyboard */; };
		C089D3411D54A42700599DD7 /* StoryboardWithInitialNavigationController.swift in Sources */ = {isa = PBXBuildFile; fileRef = C0EDB05F1D549D0100E38951 /* StoryboardWithInitialNavigationController.swift */; };
		C089D3421D54A42700599DD7 /* StoryboardWithInitialNavigationViewController.storyboard in Resources */ = {isa = PBXBuildFile; fileRef = C0EDB0601D549D0100E38951 /* StoryboardWithInitialNavigationViewController.storyboard */; };
		C089D3431D54A42700599DD7 /* StoryboardWithInitialNavigationViewController.swift in Sources */ = {isa = PBXBuildFile; fileRef = C0EDB0611D549D0100E38951 /* StoryboardWithInitialNavigationViewController.swift */; };
		C089D3441D54A42700599DD7 /* StoryboardWithInitialViewController.storyboard in Resources */ = {isa = PBXBuildFile; fileRef = C0EDB0621D549D0100E38951 /* StoryboardWithInitialViewController.storyboard */; };
		C089D3451D54A42700599DD7 /* StoryboardWithInitialViewController.swift in Sources */ = {isa = PBXBuildFile; fileRef = C0EDB0631D549D0100E38951 /* StoryboardWithInitialViewController.swift */; };
		C089D3461D54A42700599DD7 /* XibWithViewController.swift in Sources */ = {isa = PBXBuildFile; fileRef = C0EDB0641D549D0100E38951 /* XibWithViewController.swift */; };
		C089D3471D54A42700599DD7 /* XibWithViewController.xib in Resources */ = {isa = PBXBuildFile; fileRef = C0EDB0651D549D0100E38951 /* XibWithViewController.xib */; };
		C089D3481D54A42700599DD7 /* AppRouterNavigationsTests.swift in Sources */ = {isa = PBXBuildFile; fileRef = C0EDB0721D549D1400E38951 /* AppRouterNavigationsTests.swift */; };
		C089D3491D54A42700599DD7 /* AppRouterPresenterAdditionalController.xib in Resources */ = {isa = PBXBuildFile; fileRef = C0EDB0751D549D2100E38951 /* AppRouterPresenterAdditionalController.xib */; };
		C089D34A1D54A42700599DD7 /* AppRouterPresenterControllers.storyboard in Resources */ = {isa = PBXBuildFile; fileRef = C0EDB0761D549D2100E38951 /* AppRouterPresenterControllers.storyboard */; };
		C089D34B1D54A42700599DD7 /* AppRouterPresenterControllers.swift in Sources */ = {isa = PBXBuildFile; fileRef = C0EDB0771D549D2100E38951 /* AppRouterPresenterControllers.swift */; };
		C089D34C1D54A42700599DD7 /* AppRouterPresenterTests.storyboard in Resources */ = {isa = PBXBuildFile; fileRef = C0EDB0781D549D2100E38951 /* AppRouterPresenterTests.storyboard */; };
		C089D34D1D54A42700599DD7 /* AppRouterPresenterTests.swift in Sources */ = {isa = PBXBuildFile; fileRef = C0EDB0791D549D2100E38951 /* AppRouterPresenterTests.swift */; };
		C089D3521D54AB1800599DD7 /* NavigationControllerWithExpectations.swift in Sources */ = {isa = PBXBuildFile; fileRef = C089D34F1D54AB1800599DD7 /* NavigationControllerWithExpectations.swift */; };
		C089D3531D54AB1800599DD7 /* TabBarControllerWithExpectations.swift in Sources */ = {isa = PBXBuildFile; fileRef = C089D3501D54AB1800599DD7 /* TabBarControllerWithExpectations.swift */; };
		C089D3541D54AB1800599DD7 /* ViewControllerWithExpectations.swift in Sources */ = {isa = PBXBuildFile; fileRef = C089D3511D54AB1800599DD7 /* ViewControllerWithExpectations.swift */; };
		C0B336F12108CBA700310CA3 /* ViewFactoryTestableViewController.storyboard in Resources */ = {isa = PBXBuildFile; fileRef = C0B336EF2108CBA700310CA3 /* ViewFactoryTestableViewController.storyboard */; };
		C0B336F22108CBA700310CA3 /* ViewFactoryTestableViewController.swift in Sources */ = {isa = PBXBuildFile; fileRef = C0B336F02108CBA700310CA3 /* ViewFactoryTestableViewController.swift */; };
		C0BD354B21024D6A00513C86 /* AppRouterRouteTests.swift in Sources */ = {isa = PBXBuildFile; fileRef = C0BD354A21024D6A00513C86 /* AppRouterRouteTests.swift */; };
		C0CF483A1F31E79300420613 /* ViewControllers.swift in Sources */ = {isa = PBXBuildFile; fileRef = C0EBC9871D54D8BF007B483A /* ViewControllers.swift */; };
		C0D917452189DA74009BFB47 /* AppRouterExtensionAPI.framework in Frameworks */ = {isa = PBXBuildFile; fileRef = C0D917432189D778009BFB47 /* AppRouterExtensionAPI.framework */; };
		C0D9174D2189E5F8009BFB47 /* AppRouterExtensionAPI.framework in Frameworks */ = {isa = PBXBuildFile; fileRef = C0D917432189D778009BFB47 /* AppRouterExtensionAPI.framework */; };
		C0D9176C2189E997009BFB47 /* AppRouter+route.swift in Sources */ = {isa = PBXBuildFile; fileRef = C0D9176A2189E996009BFB47 /* AppRouter+route.swift */; };
		C0D917782189EB18009BFB47 /* AppRouter.framework in Frameworks */ = {isa = PBXBuildFile; fileRef = C089D31E1D54A3BF00599DD7 /* AppRouter.framework */; };
		C0D917792189EB18009BFB47 /* AppRouter.framework in Embed Frameworks */ = {isa = PBXBuildFile; fileRef = C089D31E1D54A3BF00599DD7 /* AppRouter.framework */; settings = {ATTRIBUTES = (CodeSignOnCopy, RemoveHeadersOnCopy, ); }; };
		C0D9177C2189EB18009BFB47 /* AppRouterRx.framework in Frameworks */ = {isa = PBXBuildFile; fileRef = C0D64FD81FB44E25003B6B89 /* AppRouterRx.framework */; };
		C0D9177D2189EB18009BFB47 /* AppRouterRx.framework in Embed Frameworks */ = {isa = PBXBuildFile; fileRef = C0D64FD81FB44E25003B6B89 /* AppRouterRx.framework */; settings = {ATTRIBUTES = (CodeSignOnCopy, RemoveHeadersOnCopy, ); }; };
		C0D917802189EB18009BFB47 /* AppRouterRoute.framework in Frameworks */ = {isa = PBXBuildFile; fileRef = C0BD35582102507A00513C86 /* AppRouterRoute.framework */; };
		C0D917812189EB18009BFB47 /* AppRouterRoute.framework in Embed Frameworks */ = {isa = PBXBuildFile; fileRef = C0BD35582102507A00513C86 /* AppRouterRoute.framework */; settings = {ATTRIBUTES = (CodeSignOnCopy, RemoveHeadersOnCopy, ); }; };
		C0D917842189EB18009BFB47 /* AppRouterExtensionAPI.framework in Frameworks */ = {isa = PBXBuildFile; fileRef = C0D917432189D778009BFB47 /* AppRouterExtensionAPI.framework */; };
		C0D917852189EB18009BFB47 /* AppRouterExtensionAPI.framework in Embed Frameworks */ = {isa = PBXBuildFile; fileRef = C0D917432189D778009BFB47 /* AppRouterExtensionAPI.framework */; settings = {ATTRIBUTES = (CodeSignOnCopy, RemoveHeadersOnCopy, ); }; };
		C0D917892189EB6A009BFB47 /* AppRouter.swift in Sources */ = {isa = PBXBuildFile; fileRef = C0D9176E2189E9A6009BFB47 /* AppRouter.swift */; };
		C0D9178A2189EB6E009BFB47 /* AppRouter+presenter.swift in Sources */ = {isa = PBXBuildFile; fileRef = C0D9176F2189E9A6009BFB47 /* AppRouter+presenter.swift */; };
		C0D9178B2189EB7C009BFB47 /* AppRouter+reactive_osx.swift in Sources */ = {isa = PBXBuildFile; fileRef = C0D917732189E9B8009BFB47 /* AppRouter+reactive_osx.swift */; };
		C0D9178C2189EB7C009BFB47 /* AppRouter+reactive_ios.swift in Sources */ = {isa = PBXBuildFile; fileRef = C0D917742189E9B8009BFB47 /* AppRouter+reactive_ios.swift */; };
		C0D9178D2189EB88009BFB47 /* AppRouter+accessors.swift in Sources */ = {isa = PBXBuildFile; fileRef = C0D9175E2189E98A009BFB47 /* AppRouter+accessors.swift */; };
		C0D9178E2189EB88009BFB47 /* AppRouter+animations.swift in Sources */ = {isa = PBXBuildFile; fileRef = C0D9175F2189E98A009BFB47 /* AppRouter+animations.swift */; };
		C0D9178F2189EB88009BFB47 /* AppRouter+instantiations.swift in Sources */ = {isa = PBXBuildFile; fileRef = C0D917602189E98A009BFB47 /* AppRouter+instantiations.swift */; };
		C0D917902189EB88009BFB47 /* AppRouter+navigations.swift in Sources */ = {isa = PBXBuildFile; fileRef = C0D917612189E98A009BFB47 /* AppRouter+navigations.swift */; };
		C0D917912189EB88009BFB47 /* AppRouter+configuration.swift in Sources */ = {isa = PBXBuildFile; fileRef = C0D917622189E98A009BFB47 /* AppRouter+configuration.swift */; };
		C0EEE3EA1D59EC7B00AAEFEA /* AppRouterReactiveTests.swift in Sources */ = {isa = PBXBuildFile; fileRef = C0EEE3E91D59EC7B00AAEFEA /* AppRouterReactiveTests.swift */; };
/* End PBXBuildFile section */

/* Begin PBXContainerItemProxy section */
		7767F45B2D7205E200BFCA35 /* PBXContainerItemProxy */ = {
			isa = PBXContainerItemProxy;
			containerPortal = 7767F44E2D7205E200BFCA35 /* Rx.xcodeproj */;
			proxyType = 2;
			remoteGlobalIDString = C8A56AD71AD7424700B4673B;
			remoteInfo = RxSwift;
		};
		7767F45D2D7205E200BFCA35 /* PBXContainerItemProxy */ = {
			isa = PBXContainerItemProxy;
			containerPortal = 7767F44E2D7205E200BFCA35 /* Rx.xcodeproj */;
			proxyType = 2;
			remoteGlobalIDString = C809396D1B8A71760088E94D;
			remoteInfo = RxCocoa;
		};
		7767F45F2D7205E200BFCA35 /* PBXContainerItemProxy */ = {
			isa = PBXContainerItemProxy;
			containerPortal = 7767F44E2D7205E200BFCA35 /* Rx.xcodeproj */;
			proxyType = 2;
			remoteGlobalIDString = A2897D53225CA1E7004EA481;
			remoteInfo = RxRelay;
		};
		7767F4612D7205E200BFCA35 /* PBXContainerItemProxy */ = {
			isa = PBXContainerItemProxy;
			containerPortal = 7767F44E2D7205E200BFCA35 /* Rx.xcodeproj */;
			proxyType = 2;
			remoteGlobalIDString = C8093BC71B8A71F00088E94D;
			remoteInfo = RxBlocking;
		};
		7767F4632D7205E200BFCA35 /* PBXContainerItemProxy */ = {
			isa = PBXContainerItemProxy;
			containerPortal = 7767F44E2D7205E200BFCA35 /* Rx.xcodeproj */;
			proxyType = 2;
			remoteGlobalIDString = C88FA50C1C25C44800CCFEA4;
			remoteInfo = RxTest;
		};
		7767F4652D7205E200BFCA35 /* PBXContainerItemProxy */ = {
			isa = PBXContainerItemProxy;
			containerPortal = 7767F44E2D7205E200BFCA35 /* Rx.xcodeproj */;
			proxyType = 2;
			remoteGlobalIDString = C83508C31C386F6F0027C24C;
			remoteInfo = "AllTests-iOS";
		};
		7767F4672D7205E200BFCA35 /* PBXContainerItemProxy */ = {
			isa = PBXContainerItemProxy;
			containerPortal = 7767F44E2D7205E200BFCA35 /* Rx.xcodeproj */;
			proxyType = 2;
			remoteGlobalIDString = C83509841C38740E0027C24C;
			remoteInfo = "AllTests-tvOS";
		};
		7767F4692D7205E200BFCA35 /* PBXContainerItemProxy */ = {
			isa = PBXContainerItemProxy;
			containerPortal = 7767F44E2D7205E200BFCA35 /* Rx.xcodeproj */;
			proxyType = 2;
			remoteGlobalIDString = C83509941C38742C0027C24C;
			remoteInfo = "AllTests-macOS";
		};
		7767F46B2D7205E200BFCA35 /* PBXContainerItemProxy */ = {
			isa = PBXContainerItemProxy;
			containerPortal = 7767F44E2D7205E200BFCA35 /* Rx.xcodeproj */;
			proxyType = 2;
			remoteGlobalIDString = C85BA04B1C3878740075D68E;
			remoteInfo = Microoptimizations;
		};
		7767F46D2D7205E200BFCA35 /* PBXContainerItemProxy */ = {
			isa = PBXContainerItemProxy;
			containerPortal = 7767F44E2D7205E200BFCA35 /* Rx.xcodeproj */;
			proxyType = 2;
			remoteGlobalIDString = C8E8BA551E2C181A00A4AC2C;
			remoteInfo = Benchmarks;
		};
		7767F4752D7205F200BFCA35 /* PBXContainerItemProxy */ = {
			isa = PBXContainerItemProxy;
			containerPortal = 7767F46F2D7205F100BFCA35 /* ReusableView.xcodeproj */;
			proxyType = 2;
			remoteGlobalIDString = C0D5E8C31E4731B900860A05;
			remoteInfo = ReusableView;
		};
		7767F4772D7205F200BFCA35 /* PBXContainerItemProxy */ = {
			isa = PBXContainerItemProxy;
			containerPortal = 7767F46F2D7205F100BFCA35 /* ReusableView.xcodeproj */;
			proxyType = 2;
			remoteGlobalIDString = C089D3271D54A3BF00599DD7;
			remoteInfo = Tests;
		};
		C0388C642109C8AF00E42364 /* PBXContainerItemProxy */ = {
			isa = PBXContainerItemProxy;
			containerPortal = 9AC8C9E71969BBB5006F1EAC /* Project object */;
			proxyType = 1;
			remoteGlobalIDString = C089D31D1D54A3BF00599DD7;
			remoteInfo = AppRouter;
		};
		C0388C662109C8AF00E42364 /* PBXContainerItemProxy */ = {
			isa = PBXContainerItemProxy;
			containerPortal = 9AC8C9E71969BBB5006F1EAC /* Project object */;
			proxyType = 1;
			remoteGlobalIDString = C0D64FC11FB44E25003B6B89;
			remoteInfo = AppRouterRx;
		};
		C0388C682109C8AF00E42364 /* PBXContainerItemProxy */ = {
			isa = PBXContainerItemProxy;
			containerPortal = 9AC8C9E71969BBB5006F1EAC /* Project object */;
			proxyType = 1;
			remoteGlobalIDString = C0BD354C2102507A00513C86;
			remoteInfo = AppRouterRoute;
		};
		C0388C812109CA4700E42364 /* PBXContainerItemProxy */ = {
			isa = PBXContainerItemProxy;
			containerPortal = 9AC8C9E71969BBB5006F1EAC /* Project object */;
			proxyType = 1;
			remoteGlobalIDString = C0388C6E2109CA3F00E42364;
			remoteInfo = TestApp;
		};
		C0D9174B2189E340009BFB47 /* PBXContainerItemProxy */ = {
			isa = PBXContainerItemProxy;
			containerPortal = 9AC8C9E71969BBB5006F1EAC /* Project object */;
			proxyType = 1;
			remoteGlobalIDString = C0D917372189D778009BFB47;
			remoteInfo = AppRouterExtensionAPI;
		};
		C0D9174E2189E61D009BFB47 /* PBXContainerItemProxy */ = {
			isa = PBXContainerItemProxy;
			containerPortal = 9AC8C9E71969BBB5006F1EAC /* Project object */;
			proxyType = 1;
			remoteGlobalIDString = C0D917372189D778009BFB47;
			remoteInfo = AppRouterExtensionAPI;
		};
		C0D917502189E64B009BFB47 /* PBXContainerItemProxy */ = {
			isa = PBXContainerItemProxy;
			containerPortal = 9AC8C9E71969BBB5006F1EAC /* Project object */;
			proxyType = 1;
			remoteGlobalIDString = C0D917372189D778009BFB47;
			remoteInfo = AppRouterExtensionAPI;
		};
		C0D9177A2189EB18009BFB47 /* PBXContainerItemProxy */ = {
			isa = PBXContainerItemProxy;
			containerPortal = 9AC8C9E71969BBB5006F1EAC /* Project object */;
			proxyType = 1;
			remoteGlobalIDString = C089D31D1D54A3BF00599DD7;
			remoteInfo = AppRouter;
		};
		C0D9177E2189EB18009BFB47 /* PBXContainerItemProxy */ = {
			isa = PBXContainerItemProxy;
			containerPortal = 9AC8C9E71969BBB5006F1EAC /* Project object */;
			proxyType = 1;
			remoteGlobalIDString = C0D64FC11FB44E25003B6B89;
			remoteInfo = AppRouterRx;
		};
		C0D917822189EB18009BFB47 /* PBXContainerItemProxy */ = {
			isa = PBXContainerItemProxy;
			containerPortal = 9AC8C9E71969BBB5006F1EAC /* Project object */;
			proxyType = 1;
			remoteGlobalIDString = C0BD354C2102507A00513C86;
			remoteInfo = AppRouterRoute;
		};
		C0D917862189EB18009BFB47 /* PBXContainerItemProxy */ = {
			isa = PBXContainerItemProxy;
			containerPortal = 9AC8C9E71969BBB5006F1EAC /* Project object */;
			proxyType = 1;
			remoteGlobalIDString = C0D917372189D778009BFB47;
			remoteInfo = AppRouterExtensionAPI;
		};
/* End PBXContainerItemProxy section */

/* Begin PBXCopyFilesBuildPhase section */
		776F7CE12D72214C0086678B /* Embed Frameworks */ = {
			isa = PBXCopyFilesBuildPhase;
			buildActionMask = 2147483647;
			dstPath = "";
			dstSubfolderSpec = 10;
			files = (
				776F7CE02D72214C0086678B /* RxSwift.framework in Embed Frameworks */,
				776F7CDE2D72214C0086678B /* RxCocoa.framework in Embed Frameworks */,
			);
			name = "Embed Frameworks";
			runOnlyForDeploymentPostprocessing = 0;
		};
		776F7CE62D72217F0086678B /* Embed Frameworks */ = {
			isa = PBXCopyFilesBuildPhase;
			buildActionMask = 2147483647;
			dstPath = "";
			dstSubfolderSpec = 10;
			files = (
				776F7CE52D72217F0086678B /* RxSwift.framework in Embed Frameworks */,
				776F7CE32D72217F0086678B /* RxCocoa.framework in Embed Frameworks */,
			);
			name = "Embed Frameworks";
			runOnlyForDeploymentPostprocessing = 0;
		};
		776F7CED2D72218B0086678B /* Embed Frameworks */ = {
			isa = PBXCopyFilesBuildPhase;
			buildActionMask = 2147483647;
			dstPath = "";
			dstSubfolderSpec = 10;
			files = (
				776F7CEA2D72218B0086678B /* RxCocoa.framework in Embed Frameworks */,
				776F7CE82D72218B0086678B /* ReusableView.framework in Embed Frameworks */,
				776F7CEC2D72218B0086678B /* RxSwift.framework in Embed Frameworks */,
			);
			name = "Embed Frameworks";
			runOnlyForDeploymentPostprocessing = 0;
		};
		C0D917882189EB18009BFB47 /* Embed Frameworks */ = {
			isa = PBXCopyFilesBuildPhase;
			buildActionMask = 2147483647;
			dstPath = "";
			dstSubfolderSpec = 10;
			files = (
				776F7CF12D72220E0086678B /* RxCocoa.framework in Embed Frameworks */,
				C0D917852189EB18009BFB47 /* AppRouterExtensionAPI.framework in Embed Frameworks */,
				776F7CF32D72220E0086678B /* RxSwift.framework in Embed Frameworks */,
				C0D917792189EB18009BFB47 /* AppRouter.framework in Embed Frameworks */,
				776F7CEF2D72220E0086678B /* ReusableView.framework in Embed Frameworks */,
				C0D9177D2189EB18009BFB47 /* AppRouterRx.framework in Embed Frameworks */,
				C0D917812189EB18009BFB47 /* AppRouterRoute.framework in Embed Frameworks */,
			);
			name = "Embed Frameworks";
			runOnlyForDeploymentPostprocessing = 0;
		};
/* End PBXCopyFilesBuildPhase section */

/* Begin PBXFileReference section */
		7767F44E2D7205E200BFCA35 /* Rx.xcodeproj */ = {isa = PBXFileReference; lastKnownFileType = "wrapper.pb-project"; name = Rx.xcodeproj; path = Carthage/Checkouts/RxSwift/Rx.xcodeproj; sourceTree = "<group>"; };
		7767F46F2D7205F100BFCA35 /* ReusableView.xcodeproj */ = {isa = PBXFileReference; lastKnownFileType = "wrapper.pb-project"; name = ReusableView.xcodeproj; path = Carthage/Checkouts/ReusableView/ReusableView.xcodeproj; sourceTree = "<group>"; };
		9A4F5FE91BF89C4800E731F4 /* Tests.plist */ = {isa = PBXFileReference; lastKnownFileType = text.plist.xml; name = Tests.plist; path = Plists/Tests.plist; sourceTree = "<group>"; };
		C0388C5C2109C87D00E42364 /* RxCocoa.framework */ = {isa = PBXFileReference; lastKnownFileType = wrapper.framework; name = RxCocoa.framework; path = Carthage/Build/iOS/RxCocoa.framework; sourceTree = "<group>"; };
		C0388C5D2109C87D00E42364 /* ReusableView.framework */ = {isa = PBXFileReference; lastKnownFileType = wrapper.framework; name = ReusableView.framework; path = Carthage/Build/iOS/ReusableView.framework; sourceTree = "<group>"; };
		C0388C5E2109C87D00E42364 /* RxSwift.framework */ = {isa = PBXFileReference; lastKnownFileType = wrapper.framework; name = RxSwift.framework; path = Carthage/Build/iOS/RxSwift.framework; sourceTree = "<group>"; };
		C0388C5F2109C87D00E42364 /* Dip.framework */ = {isa = PBXFileReference; lastKnownFileType = wrapper.framework; name = Dip.framework; path = Carthage/Build/iOS/Dip.framework; sourceTree = "<group>"; };
		C0388C6F2109CA3F00E42364 /* TestApp.app */ = {isa = PBXFileReference; explicitFileType = wrapper.application; includeInIndex = 0; path = TestApp.app; sourceTree = BUILT_PRODUCTS_DIR; };
		C0388C712109CA3F00E42364 /* AppDelegate.swift */ = {isa = PBXFileReference; lastKnownFileType = sourcecode.swift; path = AppDelegate.swift; sourceTree = "<group>"; };
		C0388C782109CA4000E42364 /* Assets.xcassets */ = {isa = PBXFileReference; lastKnownFileType = folder.assetcatalog; path = Assets.xcassets; sourceTree = "<group>"; };
		C0388C7B2109CA4000E42364 /* Base */ = {isa = PBXFileReference; lastKnownFileType = file.storyboard; name = Base; path = Base.lproj/LaunchScreen.storyboard; sourceTree = "<group>"; };
		C0388C7D2109CA4000E42364 /* Info.plist */ = {isa = PBXFileReference; lastKnownFileType = text.plist.xml; path = Info.plist; sourceTree = "<group>"; };
		C089D31E1D54A3BF00599DD7 /* AppRouter.framework */ = {isa = PBXFileReference; explicitFileType = wrapper.framework; includeInIndex = 0; path = AppRouter.framework; sourceTree = BUILT_PRODUCTS_DIR; };
		C089D3271D54A3BF00599DD7 /* Tests.xctest */ = {isa = PBXFileReference; explicitFileType = wrapper.cfbundle; includeInIndex = 0; path = Tests.xctest; sourceTree = BUILT_PRODUCTS_DIR; };
		C089D34F1D54AB1800599DD7 /* NavigationControllerWithExpectations.swift */ = {isa = PBXFileReference; fileEncoding = 4; lastKnownFileType = sourcecode.swift; name = NavigationControllerWithExpectations.swift; path = Tests/General/NavigationControllerWithExpectations.swift; sourceTree = SOURCE_ROOT; };
		C089D3501D54AB1800599DD7 /* TabBarControllerWithExpectations.swift */ = {isa = PBXFileReference; fileEncoding = 4; lastKnownFileType = sourcecode.swift; name = TabBarControllerWithExpectations.swift; path = Tests/General/TabBarControllerWithExpectations.swift; sourceTree = SOURCE_ROOT; };
		C089D3511D54AB1800599DD7 /* ViewControllerWithExpectations.swift */ = {isa = PBXFileReference; fileEncoding = 4; lastKnownFileType = sourcecode.swift; name = ViewControllerWithExpectations.swift; path = Tests/General/ViewControllerWithExpectations.swift; sourceTree = SOURCE_ROOT; };
		C0B336EF2108CBA700310CA3 /* ViewFactoryTestableViewController.storyboard */ = {isa = PBXFileReference; fileEncoding = 4; lastKnownFileType = file.storyboard; path = ViewFactoryTestableViewController.storyboard; sourceTree = "<group>"; };
		C0B336F02108CBA700310CA3 /* ViewFactoryTestableViewController.swift */ = {isa = PBXFileReference; fileEncoding = 4; lastKnownFileType = sourcecode.swift; path = ViewFactoryTestableViewController.swift; sourceTree = "<group>"; };
		C0BD354A21024D6A00513C86 /* AppRouterRouteTests.swift */ = {isa = PBXFileReference; lastKnownFileType = sourcecode.swift; path = AppRouterRouteTests.swift; sourceTree = "<group>"; };
		C0BD35582102507A00513C86 /* AppRouterRoute.framework */ = {isa = PBXFileReference; explicitFileType = wrapper.framework; includeInIndex = 0; path = AppRouterRoute.framework; sourceTree = BUILT_PRODUCTS_DIR; };
		C0BD355F210252AE00513C86 /* AppRouterRoute.plist */ = {isa = PBXFileReference; lastKnownFileType = text.plist.xml; name = AppRouterRoute.plist; path = Plists/AppRouterRoute.plist; sourceTree = "<group>"; };
		C0D64FD81FB44E25003B6B89 /* AppRouterRx.framework */ = {isa = PBXFileReference; explicitFileType = wrapper.framework; includeInIndex = 0; path = AppRouterRx.framework; sourceTree = BUILT_PRODUCTS_DIR; };
		C0D64FE01FB45180003B6B89 /* AppRouterRx.plist */ = {isa = PBXFileReference; fileEncoding = 4; lastKnownFileType = text.plist.xml; name = AppRouterRx.plist; path = Plists/AppRouterRx.plist; sourceTree = "<group>"; };
		C0D917432189D778009BFB47 /* AppRouterExtensionAPI.framework */ = {isa = PBXFileReference; explicitFileType = wrapper.framework; includeInIndex = 0; path = AppRouterExtensionAPI.framework; sourceTree = BUILT_PRODUCTS_DIR; };
		C0D9175E2189E98A009BFB47 /* AppRouter+accessors.swift */ = {isa = PBXFileReference; fileEncoding = 4; lastKnownFileType = sourcecode.swift; path = "AppRouter+accessors.swift"; sourceTree = "<group>"; };
		C0D9175F2189E98A009BFB47 /* AppRouter+animations.swift */ = {isa = PBXFileReference; fileEncoding = 4; lastKnownFileType = sourcecode.swift; path = "AppRouter+animations.swift"; sourceTree = "<group>"; };
		C0D917602189E98A009BFB47 /* AppRouter+instantiations.swift */ = {isa = PBXFileReference; fileEncoding = 4; lastKnownFileType = sourcecode.swift; path = "AppRouter+instantiations.swift"; sourceTree = "<group>"; };
		C0D917612189E98A009BFB47 /* AppRouter+navigations.swift */ = {isa = PBXFileReference; fileEncoding = 4; lastKnownFileType = sourcecode.swift; path = "AppRouter+navigations.swift"; sourceTree = "<group>"; };
		C0D917622189E98A009BFB47 /* AppRouter+configuration.swift */ = {isa = PBXFileReference; fileEncoding = 4; lastKnownFileType = sourcecode.swift; path = "AppRouter+configuration.swift"; sourceTree = "<group>"; };
		C0D9176A2189E996009BFB47 /* AppRouter+route.swift */ = {isa = PBXFileReference; fileEncoding = 4; lastKnownFileType = sourcecode.swift; path = "AppRouter+route.swift"; sourceTree = "<group>"; };
		C0D9176E2189E9A6009BFB47 /* AppRouter.swift */ = {isa = PBXFileReference; fileEncoding = 4; lastKnownFileType = sourcecode.swift; path = AppRouter.swift; sourceTree = "<group>"; };
		C0D9176F2189E9A6009BFB47 /* AppRouter+presenter.swift */ = {isa = PBXFileReference; fileEncoding = 4; lastKnownFileType = sourcecode.swift; path = "AppRouter+presenter.swift"; sourceTree = "<group>"; };
		C0D917732189E9B8009BFB47 /* AppRouter+reactive_osx.swift */ = {isa = PBXFileReference; fileEncoding = 4; lastKnownFileType = sourcecode.swift; path = "AppRouter+reactive_osx.swift"; sourceTree = "<group>"; };
		C0D917742189E9B8009BFB47 /* AppRouter+reactive_ios.swift */ = {isa = PBXFileReference; fileEncoding = 4; lastKnownFileType = sourcecode.swift; path = "AppRouter+reactive_ios.swift"; sourceTree = "<group>"; };
		C0D917772189EA36009BFB47 /* AppExtensionAPI.plist */ = {isa = PBXFileReference; lastKnownFileType = text.plist.xml; name = AppExtensionAPI.plist; path = Plists/AppExtensionAPI.plist; sourceTree = "<group>"; };
		C0EBC9871D54D8BF007B483A /* ViewControllers.swift */ = {isa = PBXFileReference; fileEncoding = 4; lastKnownFileType = sourcecode.swift; name = ViewControllers.swift; path = Tests/General/ViewControllers.swift; sourceTree = SOURCE_ROOT; };
		C0EDB0461D549CB600E38951 /* AppRouter.plist */ = {isa = PBXFileReference; fileEncoding = 4; lastKnownFileType = text.plist.xml; name = AppRouter.plist; path = Plists/AppRouter.plist; sourceTree = "<group>"; };
		C0EDB0551D549CE200E38951 /* AppRouterAccessorsTests.swift */ = {isa = PBXFileReference; fileEncoding = 4; lastKnownFileType = sourcecode.swift; name = AppRouterAccessorsTests.swift; path = Tests/Accessors/AppRouterAccessorsTests.swift; sourceTree = SOURCE_ROOT; };
		C0EDB0581D549CF000E38951 /* AppRouterAnimationsTests.swift */ = {isa = PBXFileReference; fileEncoding = 4; lastKnownFileType = sourcecode.swift; name = AppRouterAnimationsTests.swift; path = Tests/Animations/AppRouterAnimationsTests.swift; sourceTree = SOURCE_ROOT; };
		C0EDB05B1D549D0100E38951 /* AppRouterInstantiationsTests.storyboard */ = {isa = PBXFileReference; fileEncoding = 4; lastKnownFileType = file.storyboard; name = AppRouterInstantiationsTests.storyboard; path = Tests/Instantiations/AppRouterInstantiationsTests.storyboard; sourceTree = SOURCE_ROOT; };
		C0EDB05C1D549D0100E38951 /* AppRouterInstantiationsTests.swift */ = {isa = PBXFileReference; fileEncoding = 4; lastKnownFileType = sourcecode.swift; name = AppRouterInstantiationsTests.swift; path = Tests/Instantiations/AppRouterInstantiationsTests.swift; sourceTree = SOURCE_ROOT; };
		C0EDB05D1D549D0100E38951 /* AppRouterInstantiationsTestsViewController.swift */ = {isa = PBXFileReference; fileEncoding = 4; lastKnownFileType = sourcecode.swift; name = AppRouterInstantiationsTestsViewController.swift; path = Tests/Instantiations/AppRouterInstantiationsTestsViewController.swift; sourceTree = SOURCE_ROOT; };
		C0EDB05E1D549D0100E38951 /* StoryboardWithInitialNavigationController.storyboard */ = {isa = PBXFileReference; fileEncoding = 4; lastKnownFileType = file.storyboard; name = StoryboardWithInitialNavigationController.storyboard; path = Tests/Instantiations/StoryboardWithInitialNavigationController.storyboard; sourceTree = SOURCE_ROOT; };
		C0EDB05F1D549D0100E38951 /* StoryboardWithInitialNavigationController.swift */ = {isa = PBXFileReference; fileEncoding = 4; lastKnownFileType = sourcecode.swift; name = StoryboardWithInitialNavigationController.swift; path = Tests/Instantiations/StoryboardWithInitialNavigationController.swift; sourceTree = SOURCE_ROOT; };
		C0EDB0601D549D0100E38951 /* StoryboardWithInitialNavigationViewController.storyboard */ = {isa = PBXFileReference; fileEncoding = 4; lastKnownFileType = file.storyboard; name = StoryboardWithInitialNavigationViewController.storyboard; path = Tests/Instantiations/StoryboardWithInitialNavigationViewController.storyboard; sourceTree = SOURCE_ROOT; };
		C0EDB0611D549D0100E38951 /* StoryboardWithInitialNavigationViewController.swift */ = {isa = PBXFileReference; fileEncoding = 4; lastKnownFileType = sourcecode.swift; name = StoryboardWithInitialNavigationViewController.swift; path = Tests/Instantiations/StoryboardWithInitialNavigationViewController.swift; sourceTree = SOURCE_ROOT; };
		C0EDB0621D549D0100E38951 /* StoryboardWithInitialViewController.storyboard */ = {isa = PBXFileReference; fileEncoding = 4; lastKnownFileType = file.storyboard; name = StoryboardWithInitialViewController.storyboard; path = Tests/Instantiations/StoryboardWithInitialViewController.storyboard; sourceTree = SOURCE_ROOT; };
		C0EDB0631D549D0100E38951 /* StoryboardWithInitialViewController.swift */ = {isa = PBXFileReference; fileEncoding = 4; lastKnownFileType = sourcecode.swift; name = StoryboardWithInitialViewController.swift; path = Tests/Instantiations/StoryboardWithInitialViewController.swift; sourceTree = SOURCE_ROOT; };
		C0EDB0641D549D0100E38951 /* XibWithViewController.swift */ = {isa = PBXFileReference; fileEncoding = 4; lastKnownFileType = sourcecode.swift; name = XibWithViewController.swift; path = Tests/Instantiations/XibWithViewController.swift; sourceTree = SOURCE_ROOT; };
		C0EDB0651D549D0100E38951 /* XibWithViewController.xib */ = {isa = PBXFileReference; fileEncoding = 4; lastKnownFileType = file.xib; name = XibWithViewController.xib; path = Tests/Instantiations/XibWithViewController.xib; sourceTree = SOURCE_ROOT; };
		C0EDB0721D549D1400E38951 /* AppRouterNavigationsTests.swift */ = {isa = PBXFileReference; fileEncoding = 4; lastKnownFileType = sourcecode.swift; name = AppRouterNavigationsTests.swift; path = Tests/Navigations/AppRouterNavigationsTests.swift; sourceTree = SOURCE_ROOT; };
		C0EDB0751D549D2100E38951 /* AppRouterPresenterAdditionalController.xib */ = {isa = PBXFileReference; fileEncoding = 4; lastKnownFileType = file.xib; name = AppRouterPresenterAdditionalController.xib; path = Tests/Presenter/AppRouterPresenterAdditionalController.xib; sourceTree = SOURCE_ROOT; };
		C0EDB0761D549D2100E38951 /* AppRouterPresenterControllers.storyboard */ = {isa = PBXFileReference; fileEncoding = 4; lastKnownFileType = file.storyboard; name = AppRouterPresenterControllers.storyboard; path = Tests/Presenter/AppRouterPresenterControllers.storyboard; sourceTree = SOURCE_ROOT; };
		C0EDB0771D549D2100E38951 /* AppRouterPresenterControllers.swift */ = {isa = PBXFileReference; fileEncoding = 4; lastKnownFileType = sourcecode.swift; name = AppRouterPresenterControllers.swift; path = Tests/Presenter/AppRouterPresenterControllers.swift; sourceTree = SOURCE_ROOT; };
		C0EDB0781D549D2100E38951 /* AppRouterPresenterTests.storyboard */ = {isa = PBXFileReference; fileEncoding = 4; lastKnownFileType = file.storyboard; name = AppRouterPresenterTests.storyboard; path = Tests/Presenter/AppRouterPresenterTests.storyboard; sourceTree = SOURCE_ROOT; };
		C0EDB0791D549D2100E38951 /* AppRouterPresenterTests.swift */ = {isa = PBXFileReference; fileEncoding = 4; lastKnownFileType = sourcecode.swift; name = AppRouterPresenterTests.swift; path = Tests/Presenter/AppRouterPresenterTests.swift; sourceTree = SOURCE_ROOT; };
		C0EEE3E91D59EC7B00AAEFEA /* AppRouterReactiveTests.swift */ = {isa = PBXFileReference; fileEncoding = 4; lastKnownFileType = sourcecode.swift; name = AppRouterReactiveTests.swift; path = Tests/Reactive/AppRouterReactiveTests.swift; sourceTree = SOURCE_ROOT; };
/* End PBXFileReference section */

/* Begin PBXFrameworksBuildPhase section */
		C0388C6C2109CA3F00E42364 /* Frameworks */ = {
			isa = PBXFrameworksBuildPhase;
			buildActionMask = 2147483647;
			files = (
				776F7CF02D72220E0086678B /* RxCocoa.framework in Frameworks */,
				C0D917842189EB18009BFB47 /* AppRouterExtensionAPI.framework in Frameworks */,
				776F7CF22D72220E0086678B /* RxSwift.framework in Frameworks */,
				C0D917782189EB18009BFB47 /* AppRouter.framework in Frameworks */,
				776F7CEE2D72220E0086678B /* ReusableView.framework in Frameworks */,
				C0D9177C2189EB18009BFB47 /* AppRouterRx.framework in Frameworks */,
				C0D917802189EB18009BFB47 /* AppRouterRoute.framework in Frameworks */,
			);
			runOnlyForDeploymentPostprocessing = 0;
		};
		C089D31A1D54A3BF00599DD7 /* Frameworks */ = {
			isa = PBXFrameworksBuildPhase;
			buildActionMask = 2147483647;
			files = (
				776F7CEB2D72218B0086678B /* RxSwift.framework in Frameworks */,
				776F7CE92D72218B0086678B /* RxCocoa.framework in Frameworks */,
				776F7CE72D72218B0086678B /* ReusableView.framework in Frameworks */,
				C0D917452189DA74009BFB47 /* AppRouterExtensionAPI.framework in Frameworks */,
			);
			runOnlyForDeploymentPostprocessing = 0;
		};
		C089D3241D54A3BF00599DD7 /* Frameworks */ = {
			isa = PBXFrameworksBuildPhase;
			buildActionMask = 2147483647;
			files = (
				C089D3281D54A3BF00599DD7 /* AppRouter.framework in Frameworks */,
			);
			runOnlyForDeploymentPostprocessing = 0;
		};
		C0BD35502102507A00513C86 /* Frameworks */ = {
			isa = PBXFrameworksBuildPhase;
			buildActionMask = 2147483647;
			files = (
				776F7CDD2D72214C0086678B /* RxCocoa.framework in Frameworks */,
				C0D9174D2189E5F8009BFB47 /* AppRouterExtensionAPI.framework in Frameworks */,
				776F7CDF2D72214C0086678B /* RxSwift.framework in Frameworks */,
			);
			runOnlyForDeploymentPostprocessing = 0;
		};
		C0D64FCF1FB44E25003B6B89 /* Frameworks */ = {
			isa = PBXFrameworksBuildPhase;
			buildActionMask = 2147483647;
			files = (
				776F7CE42D72217F0086678B /* RxSwift.framework in Frameworks */,
				776F7CE22D72217F0086678B /* RxCocoa.framework in Frameworks */,
			);
			runOnlyForDeploymentPostprocessing = 0;
		};
		C0D9173C2189D778009BFB47 /* Frameworks */ = {
			isa = PBXFrameworksBuildPhase;
			buildActionMask = 2147483647;
			files = (
			);
			runOnlyForDeploymentPostprocessing = 0;
		};
/* End PBXFrameworksBuildPhase section */

/* Begin PBXGroup section */
		7767F44F2D7205E200BFCA35 /* Products */ = {
			isa = PBXGroup;
			children = (
				7767F45C2D7205E200BFCA35 /* RxSwift.framework */,
				7767F45E2D7205E200BFCA35 /* RxCocoa.framework */,
				7767F4602D7205E200BFCA35 /* RxRelay.framework */,
				7767F4622D7205E200BFCA35 /* RxBlocking.framework */,
				7767F4642D7205E200BFCA35 /* RxTest.framework */,
				7767F4662D7205E200BFCA35 /* AllTests-iOS.xctest */,
				7767F4682D7205E200BFCA35 /* AllTests-tvOS.xctest */,
				7767F46A2D7205E200BFCA35 /* AllTests-macOS.xctest */,
				7767F46C2D7205E200BFCA35 /* PerformanceTests.app */,
				7767F46E2D7205E200BFCA35 /* Benchmarks.xctest */,
			);
			name = Products;
			sourceTree = "<group>";
		};
		7767F4702D7205F100BFCA35 /* Products */ = {
			isa = PBXGroup;
			children = (
				7767F4762D7205F200BFCA35 /* ReusableView.framework */,
				7767F4782D7205F200BFCA35 /* Tests.xctest */,
			);
			name = Products;
			sourceTree = "<group>";
		};
		776F7CD02D7220D60086678B /* Recovered References */ = {
			isa = PBXGroup;
			children = (
				C0388C5C2109C87D00E42364 /* RxCocoa.framework */,
				C0388C5E2109C87D00E42364 /* RxSwift.framework */,
				C0388C5F2109C87D00E42364 /* Dip.framework */,
				C0388C5D2109C87D00E42364 /* ReusableView.framework */,
			);
			name = "Recovered References";
			sourceTree = "<group>";
		};
		9A03334B1C6FBDDC00065221 /* Supporting Files */ = {
			isa = PBXGroup;
			children = (
				9A35272B1A1603C60006AB0F /* Plists */,
			);
			name = "Supporting Files";
			sourceTree = "<group>";
		};
		9A35272B1A1603C60006AB0F /* Plists */ = {
			isa = PBXGroup;
			children = (
				C0D917772189EA36009BFB47 /* AppExtensionAPI.plist */,
				C0BD355F210252AE00513C86 /* AppRouterRoute.plist */,
				C0D64FE01FB45180003B6B89 /* AppRouterRx.plist */,
				9A4F5FE91BF89C4800E731F4 /* Tests.plist */,
				C0EDB0461D549CB600E38951 /* AppRouter.plist */,
			);
			name = Plists;
			sourceTree = "<group>";
		};
		9AC8C9E61969BBB5006F1EAC = {
			isa = PBXGroup;
			children = (
				7767F46F2D7205F100BFCA35 /* ReusableView.xcodeproj */,
				7767F44E2D7205E200BFCA35 /* Rx.xcodeproj */,
				9A03334B1C6FBDDC00065221 /* Supporting Files */,
				9AC8C9F11969BBB5006F1EAC /* Code */,
				9AC8C9FF1969BBB5006F1EAC /* Tests */,
				C0388C702109CA3F00E42364 /* TestApp */,
				9AC8C9F01969BBB5006F1EAC /* Products */,
				C0D16F221FCFF9CA0080F94C /* Frameworks */,
				776F7CD02D7220D60086678B /* Recovered References */,
			);
			sourceTree = "<group>";
		};
		9AC8C9F01969BBB5006F1EAC /* Products */ = {
			isa = PBXGroup;
			children = (
				C089D31E1D54A3BF00599DD7 /* AppRouter.framework */,
				C089D3271D54A3BF00599DD7 /* Tests.xctest */,
				C0D64FD81FB44E25003B6B89 /* AppRouterRx.framework */,
				C0BD35582102507A00513C86 /* AppRouterRoute.framework */,
				C0388C6F2109CA3F00E42364 /* TestApp.app */,
				C0D917432189D778009BFB47 /* AppRouterExtensionAPI.framework */,
			);
			name = Products;
			sourceTree = "<group>";
		};
		9AC8C9F11969BBB5006F1EAC /* Code */ = {
			isa = PBXGroup;
			children = (
				C0D917722189E9B8009BFB47 /* RxSwift */,
				C0D9176D2189E9A6009BFB47 /* Core */,
				C0D917682189E996009BFB47 /* Route */,
				C0D9175D2189E98A009BFB47 /* AppExtensionAPI */,
			);
			name = Code;
			path = Sources;
			sourceTree = "<group>";
		};
		9AC8C9FF1969BBB5006F1EAC /* Tests */ = {
			isa = PBXGroup;
			children = (
				C0BD354921024D5000513C86 /* Route */,
				C0EEE3D61D59EC5F00AAEFEA /* Reactive */,
				C089D34E1D54AB0200599DD7 /* General */,
				C0EDB0541D549CD100E38951 /* Accessors */,
				C0EDB0571D549CE700E38951 /* Animations */,
				C0EDB05A1D549CF500E38951 /* Instantiations */,
				C0EDB0711D549D0800E38951 /* Navigations */,
				C0EDB0741D549D1900E38951 /* Presenter */,
			);
			name = Tests;
			path = StateMachineTests;
			sourceTree = "<group>";
		};
		C0388C702109CA3F00E42364 /* TestApp */ = {
			isa = PBXGroup;
			children = (
				C0388C712109CA3F00E42364 /* AppDelegate.swift */,
				C0388C782109CA4000E42364 /* Assets.xcassets */,
				C0388C7A2109CA4000E42364 /* LaunchScreen.storyboard */,
				C0388C7D2109CA4000E42364 /* Info.plist */,
			);
			path = TestApp;
			sourceTree = "<group>";
		};
		C089D34E1D54AB0200599DD7 /* General */ = {
			isa = PBXGroup;
			children = (
				C089D34F1D54AB1800599DD7 /* NavigationControllerWithExpectations.swift */,
				C089D3501D54AB1800599DD7 /* TabBarControllerWithExpectations.swift */,
				C089D3511D54AB1800599DD7 /* ViewControllerWithExpectations.swift */,
				C0EBC9871D54D8BF007B483A /* ViewControllers.swift */,
			);
			name = General;
			sourceTree = "<group>";
		};
		C0BD354921024D5000513C86 /* Route */ = {
			isa = PBXGroup;
			children = (
				C0B336EF2108CBA700310CA3 /* ViewFactoryTestableViewController.storyboard */,
				C0B336F02108CBA700310CA3 /* ViewFactoryTestableViewController.swift */,
				C0BD354A21024D6A00513C86 /* AppRouterRouteTests.swift */,
			);
			path = Route;
			sourceTree = "<group>";
		};
		C0D16F221FCFF9CA0080F94C /* Frameworks */ = {
			isa = PBXGroup;
			children = (
			);
			name = Frameworks;
			sourceTree = "<group>";
		};
		C0D9175D2189E98A009BFB47 /* AppExtensionAPI */ = {
			isa = PBXGroup;
			children = (
				C0D9175E2189E98A009BFB47 /* AppRouter+accessors.swift */,
				C0D9175F2189E98A009BFB47 /* AppRouter+animations.swift */,
				C0D917602189E98A009BFB47 /* AppRouter+instantiations.swift */,
				C0D917612189E98A009BFB47 /* AppRouter+navigations.swift */,
				C0D917622189E98A009BFB47 /* AppRouter+configuration.swift */,
			);
			path = AppExtensionAPI;
			sourceTree = "<group>";
		};
		C0D917682189E996009BFB47 /* Route */ = {
			isa = PBXGroup;
			children = (
				C0D9176A2189E996009BFB47 /* AppRouter+route.swift */,
			);
			path = Route;
			sourceTree = "<group>";
		};
		C0D9176D2189E9A6009BFB47 /* Core */ = {
			isa = PBXGroup;
			children = (
				C0D9176E2189E9A6009BFB47 /* AppRouter.swift */,
				C0D9176F2189E9A6009BFB47 /* AppRouter+presenter.swift */,
			);
			path = Core;
			sourceTree = "<group>";
		};
		C0D917722189E9B8009BFB47 /* RxSwift */ = {
			isa = PBXGroup;
			children = (
				C0D917732189E9B8009BFB47 /* AppRouter+reactive_osx.swift */,
				C0D917742189E9B8009BFB47 /* AppRouter+reactive_ios.swift */,
			);
			path = RxSwift;
			sourceTree = "<group>";
		};
		C0EDB0541D549CD100E38951 /* Accessors */ = {
			isa = PBXGroup;
			children = (
				C0EDB0551D549CE200E38951 /* AppRouterAccessorsTests.swift */,
			);
			name = Accessors;
			sourceTree = "<group>";
		};
		C0EDB0571D549CE700E38951 /* Animations */ = {
			isa = PBXGroup;
			children = (
				C0EDB0581D549CF000E38951 /* AppRouterAnimationsTests.swift */,
			);
			name = Animations;
			sourceTree = "<group>";
		};
		C0EDB05A1D549CF500E38951 /* Instantiations */ = {
			isa = PBXGroup;
			children = (
				C0EDB05B1D549D0100E38951 /* AppRouterInstantiationsTests.storyboard */,
				C0EDB05C1D549D0100E38951 /* AppRouterInstantiationsTests.swift */,
				C0EDB05D1D549D0100E38951 /* AppRouterInstantiationsTestsViewController.swift */,
				C0EDB05E1D549D0100E38951 /* StoryboardWithInitialNavigationController.storyboard */,
				C0EDB05F1D549D0100E38951 /* StoryboardWithInitialNavigationController.swift */,
				C0EDB0601D549D0100E38951 /* StoryboardWithInitialNavigationViewController.storyboard */,
				C0EDB0611D549D0100E38951 /* StoryboardWithInitialNavigationViewController.swift */,
				C0EDB0621D549D0100E38951 /* StoryboardWithInitialViewController.storyboard */,
				C0EDB0631D549D0100E38951 /* StoryboardWithInitialViewController.swift */,
				C0EDB0641D549D0100E38951 /* XibWithViewController.swift */,
				C0EDB0651D549D0100E38951 /* XibWithViewController.xib */,
			);
			name = Instantiations;
			sourceTree = "<group>";
		};
		C0EDB0711D549D0800E38951 /* Navigations */ = {
			isa = PBXGroup;
			children = (
				C0EDB0721D549D1400E38951 /* AppRouterNavigationsTests.swift */,
			);
			name = Navigations;
			sourceTree = "<group>";
		};
		C0EDB0741D549D1900E38951 /* Presenter */ = {
			isa = PBXGroup;
			children = (
				C0EDB0751D549D2100E38951 /* AppRouterPresenterAdditionalController.xib */,
				C0EDB0761D549D2100E38951 /* AppRouterPresenterControllers.storyboard */,
				C0EDB0771D549D2100E38951 /* AppRouterPresenterControllers.swift */,
				C0EDB0781D549D2100E38951 /* AppRouterPresenterTests.storyboard */,
				C0EDB0791D549D2100E38951 /* AppRouterPresenterTests.swift */,
			);
			name = Presenter;
			sourceTree = "<group>";
		};
		C0EEE3D61D59EC5F00AAEFEA /* Reactive */ = {
			isa = PBXGroup;
			children = (
				C0EEE3E91D59EC7B00AAEFEA /* AppRouterReactiveTests.swift */,
			);
			name = Reactive;
			sourceTree = "<group>";
		};
/* End PBXGroup section */

/* Begin PBXHeadersBuildPhase section */
		C089D31B1D54A3BF00599DD7 /* Headers */ = {
			isa = PBXHeadersBuildPhase;
			buildActionMask = 2147483647;
			files = (
			);
			runOnlyForDeploymentPostprocessing = 0;
		};
		C0BD35532102507A00513C86 /* Headers */ = {
			isa = PBXHeadersBuildPhase;
			buildActionMask = 2147483647;
			files = (
			);
			runOnlyForDeploymentPostprocessing = 0;
		};
		C0D64FD21FB44E25003B6B89 /* Headers */ = {
			isa = PBXHeadersBuildPhase;
			buildActionMask = 2147483647;
			files = (
			);
			runOnlyForDeploymentPostprocessing = 0;
		};
		C0D9173E2189D778009BFB47 /* Headers */ = {
			isa = PBXHeadersBuildPhase;
			buildActionMask = 2147483647;
			files = (
			);
			runOnlyForDeploymentPostprocessing = 0;
		};
/* End PBXHeadersBuildPhase section */

/* Begin PBXNativeTarget section */
		C0388C6E2109CA3F00E42364 /* TestApp */ = {
			isa = PBXNativeTarget;
			buildConfigurationList = C0388C7E2109CA4000E42364 /* Build configuration list for PBXNativeTarget "TestApp" */;
			buildPhases = (
				C0388C6B2109CA3F00E42364 /* Sources */,
				C0388C6C2109CA3F00E42364 /* Frameworks */,
				C0388C6D2109CA3F00E42364 /* Resources */,
				C0D917882189EB18009BFB47 /* Embed Frameworks */,
			);
			buildRules = (
			);
			dependencies = (
				C0D9177B2189EB18009BFB47 /* PBXTargetDependency */,
				C0D9177F2189EB18009BFB47 /* PBXTargetDependency */,
				C0D917832189EB18009BFB47 /* PBXTargetDependency */,
				C0D917872189EB18009BFB47 /* PBXTargetDependency */,
			);
			name = TestApp;
			productName = TestApp;
			productReference = C0388C6F2109CA3F00E42364 /* TestApp.app */;
			productType = "com.apple.product-type.application";
		};
		C089D31D1D54A3BF00599DD7 /* AppRouter */ = {
			isa = PBXNativeTarget;
			buildConfigurationList = C089D32F1D54A3BF00599DD7 /* Build configuration list for PBXNativeTarget "AppRouter" */;
			buildPhases = (
				C089D3191D54A3BF00599DD7 /* Sources */,
				C089D31A1D54A3BF00599DD7 /* Frameworks */,
				C089D31B1D54A3BF00599DD7 /* Headers */,
				C089D31C1D54A3BF00599DD7 /* Resources */,
				776F7CED2D72218B0086678B /* Embed Frameworks */,
			);
			buildRules = (
			);
			dependencies = (
				C0D917512189E64B009BFB47 /* PBXTargetDependency */,
			);
			name = AppRouter;
			productName = AppRouter;
			productReference = C089D31E1D54A3BF00599DD7 /* AppRouter.framework */;
			productType = "com.apple.product-type.framework";
		};
		C089D3261D54A3BF00599DD7 /* Tests */ = {
			isa = PBXNativeTarget;
			buildConfigurationList = C089D3321D54A3BF00599DD7 /* Build configuration list for PBXNativeTarget "Tests" */;
			buildPhases = (
				C089D3231D54A3BF00599DD7 /* Sources */,
				C089D3241D54A3BF00599DD7 /* Frameworks */,
				C089D3251D54A3BF00599DD7 /* Resources */,
				C0388C6A2109C93800E42364 /* Copy Carthage frameworks */,
			);
			buildRules = (
			);
			dependencies = (
				C0D9174C2189E340009BFB47 /* PBXTargetDependency */,
				C0388C652109C8AF00E42364 /* PBXTargetDependency */,
				C0388C672109C8AF00E42364 /* PBXTargetDependency */,
				C0388C692109C8AF00E42364 /* PBXTargetDependency */,
				C0388C822109CA4700E42364 /* PBXTargetDependency */,
			);
			name = Tests;
			productName = AppRouterTests;
			productReference = C089D3271D54A3BF00599DD7 /* Tests.xctest */;
			productType = "com.apple.product-type.bundle.unit-test";
		};
		C0BD354C2102507A00513C86 /* AppRouterRoute */ = {
			isa = PBXNativeTarget;
			buildConfigurationList = C0BD35552102507A00513C86 /* Build configuration list for PBXNativeTarget "AppRouterRoute" */;
			buildPhases = (
				C0BD354D2102507A00513C86 /* Sources */,
				C0BD35502102507A00513C86 /* Frameworks */,
				C0BD35532102507A00513C86 /* Headers */,
				C0BD35542102507A00513C86 /* Resources */,
				776F7CE12D72214C0086678B /* Embed Frameworks */,
			);
			buildRules = (
			);
			dependencies = (
				C0D9174F2189E61D009BFB47 /* PBXTargetDependency */,
			);
			name = AppRouterRoute;
			productName = AppRouter;
			productReference = C0BD35582102507A00513C86 /* AppRouterRoute.framework */;
			productType = "com.apple.product-type.framework";
		};
		C0D64FC11FB44E25003B6B89 /* AppRouterRx */ = {
			isa = PBXNativeTarget;
			buildConfigurationList = C0D64FD51FB44E25003B6B89 /* Build configuration list for PBXNativeTarget "AppRouterRx" */;
			buildPhases = (
				C0D64FC61FB44E25003B6B89 /* Sources */,
				C0D64FCF1FB44E25003B6B89 /* Frameworks */,
				C0D64FD21FB44E25003B6B89 /* Headers */,
				C0D64FD31FB44E25003B6B89 /* Resources */,
				776F7CE62D72217F0086678B /* Embed Frameworks */,
			);
			buildRules = (
			);
			dependencies = (
			);
			name = AppRouterRx;
			productName = AppRouter;
			productReference = C0D64FD81FB44E25003B6B89 /* AppRouterRx.framework */;
			productType = "com.apple.product-type.framework";
		};
		C0D917372189D778009BFB47 /* AppRouterExtensionAPI */ = {
			isa = PBXNativeTarget;
			buildConfigurationList = C0D917402189D778009BFB47 /* Build configuration list for PBXNativeTarget "AppRouterExtensionAPI" */;
			buildPhases = (
				C0D917382189D778009BFB47 /* Sources */,
				C0D9173C2189D778009BFB47 /* Frameworks */,
				C0D9173E2189D778009BFB47 /* Headers */,
				C0D9173F2189D778009BFB47 /* Resources */,
			);
			buildRules = (
			);
			dependencies = (
			);
			name = AppRouterExtensionAPI;
			productName = AppRouter;
			productReference = C0D917432189D778009BFB47 /* AppRouterExtensionAPI.framework */;
			productType = "com.apple.product-type.framework";
		};
/* End PBXNativeTarget section */

/* Begin PBXProject section */
		9AC8C9E71969BBB5006F1EAC /* Project object */ = {
			isa = PBXProject;
			attributes = {
				BuildIndependentTargetsInParallel = YES;
				LastSwiftMigration = 0700;
				LastSwiftUpdateCheck = 0940;
				LastUpgradeCheck = 1620;
				ORGANIZATIONNAME = "Artem Antihevich";
				TargetAttributes = {
					C0388C6E2109CA3F00E42364 = {
						CreatedOnToolsVersion = 9.4.1;
						LastSwiftMigration = 1000;
						ProvisioningStyle = Manual;
					};
					C089D31D1D54A3BF00599DD7 = {
						CreatedOnToolsVersion = 7.3;
						DevelopmentTeam = L94VC9ZZXC;
						LastSwiftMigration = 1000;
					};
					C089D3261D54A3BF00599DD7 = {
						CreatedOnToolsVersion = 7.3;
						LastSwiftMigration = 1000;
						ProvisioningStyle = Manual;
						TestTargetID = C0388C6E2109CA3F00E42364;
					};
					C0BD354C2102507A00513C86 = {
						DevelopmentTeam = L94VC9ZZXC;
						LastSwiftMigration = 1000;
					};
					C0D64FC11FB44E25003B6B89 = {
						LastSwiftMigration = 1000;
						ProvisioningStyle = Manual;
					};
				};
			};
			buildConfigurationList = 9AC8C9EA1969BBB5006F1EAC /* Build configuration list for PBXProject "AppRouter" */;
			compatibilityVersion = "Xcode 3.2";
			developmentRegion = en;
			hasScannedForEncodings = 0;
			knownRegions = (
				en,
				Base,
			);
			mainGroup = 9AC8C9E61969BBB5006F1EAC;
			productRefGroup = 9AC8C9F01969BBB5006F1EAC /* Products */;
			projectDirPath = "";
			projectReferences = (
				{
					ProductGroup = 7767F4702D7205F100BFCA35 /* Products */;
					ProjectRef = 7767F46F2D7205F100BFCA35 /* ReusableView.xcodeproj */;
				},
				{
					ProductGroup = 7767F44F2D7205E200BFCA35 /* Products */;
					ProjectRef = 7767F44E2D7205E200BFCA35 /* Rx.xcodeproj */;
				},
			);
			projectRoot = "";
			targets = (
				C089D31D1D54A3BF00599DD7 /* AppRouter */,
				C089D3261D54A3BF00599DD7 /* Tests */,
				C0D64FC11FB44E25003B6B89 /* AppRouterRx */,
				C0BD354C2102507A00513C86 /* AppRouterRoute */,
				C0388C6E2109CA3F00E42364 /* TestApp */,
				C0D917372189D778009BFB47 /* AppRouterExtensionAPI */,
			);
		};
/* End PBXProject section */

/* Begin PBXReferenceProxy section */
		7767F45C2D7205E200BFCA35 /* RxSwift.framework */ = {
			isa = PBXReferenceProxy;
			fileType = wrapper.framework;
			path = RxSwift.framework;
			remoteRef = 7767F45B2D7205E200BFCA35 /* PBXContainerItemProxy */;
			sourceTree = BUILT_PRODUCTS_DIR;
		};
		7767F45E2D7205E200BFCA35 /* RxCocoa.framework */ = {
			isa = PBXReferenceProxy;
			fileType = wrapper.framework;
			path = RxCocoa.framework;
			remoteRef = 7767F45D2D7205E200BFCA35 /* PBXContainerItemProxy */;
			sourceTree = BUILT_PRODUCTS_DIR;
		};
		7767F4602D7205E200BFCA35 /* RxRelay.framework */ = {
			isa = PBXReferenceProxy;
			fileType = wrapper.framework;
			path = RxRelay.framework;
			remoteRef = 7767F45F2D7205E200BFCA35 /* PBXContainerItemProxy */;
			sourceTree = BUILT_PRODUCTS_DIR;
		};
		7767F4622D7205E200BFCA35 /* RxBlocking.framework */ = {
			isa = PBXReferenceProxy;
			fileType = wrapper.framework;
			path = RxBlocking.framework;
			remoteRef = 7767F4612D7205E200BFCA35 /* PBXContainerItemProxy */;
			sourceTree = BUILT_PRODUCTS_DIR;
		};
		7767F4642D7205E200BFCA35 /* RxTest.framework */ = {
			isa = PBXReferenceProxy;
			fileType = wrapper.framework;
			path = RxTest.framework;
			remoteRef = 7767F4632D7205E200BFCA35 /* PBXContainerItemProxy */;
			sourceTree = BUILT_PRODUCTS_DIR;
		};
		7767F4662D7205E200BFCA35 /* AllTests-iOS.xctest */ = {
			isa = PBXReferenceProxy;
			fileType = wrapper.cfbundle;
			path = "AllTests-iOS.xctest";
			remoteRef = 7767F4652D7205E200BFCA35 /* PBXContainerItemProxy */;
			sourceTree = BUILT_PRODUCTS_DIR;
		};
		7767F4682D7205E200BFCA35 /* AllTests-tvOS.xctest */ = {
			isa = PBXReferenceProxy;
			fileType = wrapper.cfbundle;
			path = "AllTests-tvOS.xctest";
			remoteRef = 7767F4672D7205E200BFCA35 /* PBXContainerItemProxy */;
			sourceTree = BUILT_PRODUCTS_DIR;
		};
		7767F46A2D7205E200BFCA35 /* AllTests-macOS.xctest */ = {
			isa = PBXReferenceProxy;
			fileType = wrapper.cfbundle;
			path = "AllTests-macOS.xctest";
			remoteRef = 7767F4692D7205E200BFCA35 /* PBXContainerItemProxy */;
			sourceTree = BUILT_PRODUCTS_DIR;
		};
		7767F46C2D7205E200BFCA35 /* PerformanceTests.app */ = {
			isa = PBXReferenceProxy;
			fileType = wrapper.application;
			name = PerformanceTests.app;
			path = Microoptimizations.app;
			remoteRef = 7767F46B2D7205E200BFCA35 /* PBXContainerItemProxy */;
			sourceTree = BUILT_PRODUCTS_DIR;
		};
		7767F46E2D7205E200BFCA35 /* Benchmarks.xctest */ = {
			isa = PBXReferenceProxy;
			fileType = wrapper.cfbundle;
			path = Benchmarks.xctest;
			remoteRef = 7767F46D2D7205E200BFCA35 /* PBXContainerItemProxy */;
			sourceTree = BUILT_PRODUCTS_DIR;
		};
		7767F4762D7205F200BFCA35 /* ReusableView.framework */ = {
			isa = PBXReferenceProxy;
			fileType = wrapper.framework;
			path = ReusableView.framework;
			remoteRef = 7767F4752D7205F200BFCA35 /* PBXContainerItemProxy */;
			sourceTree = BUILT_PRODUCTS_DIR;
		};
		7767F4782D7205F200BFCA35 /* Tests.xctest */ = {
			isa = PBXReferenceProxy;
			fileType = wrapper.cfbundle;
			path = Tests.xctest;
			remoteRef = 7767F4772D7205F200BFCA35 /* PBXContainerItemProxy */;
			sourceTree = BUILT_PRODUCTS_DIR;
		};
/* End PBXReferenceProxy section */

/* Begin PBXResourcesBuildPhase section */
		C0388C6D2109CA3F00E42364 /* Resources */ = {
			isa = PBXResourcesBuildPhase;
			buildActionMask = 2147483647;
			files = (
				C0388C7C2109CA4000E42364 /* LaunchScreen.storyboard in Resources */,
				C0388C792109CA4000E42364 /* Assets.xcassets in Resources */,
			);
			runOnlyForDeploymentPostprocessing = 0;
		};
		C089D31C1D54A3BF00599DD7 /* Resources */ = {
			isa = PBXResourcesBuildPhase;
			buildActionMask = 2147483647;
			files = (
			);
			runOnlyForDeploymentPostprocessing = 0;
		};
		C089D3251D54A3BF00599DD7 /* Resources */ = {
			isa = PBXResourcesBuildPhase;
			buildActionMask = 2147483647;
			files = (
				C089D3491D54A42700599DD7 /* AppRouterPresenterAdditionalController.xib in Resources */,
				C089D3401D54A42700599DD7 /* StoryboardWithInitialNavigationController.storyboard in Resources */,
				C089D33D1D54A42700599DD7 /* AppRouterInstantiationsTests.storyboard in Resources */,
				C0B336F12108CBA700310CA3 /* ViewFactoryTestableViewController.storyboard in Resources */,
				C089D3421D54A42700599DD7 /* StoryboardWithInitialNavigationViewController.storyboard in Resources */,
				C089D34A1D54A42700599DD7 /* AppRouterPresenterControllers.storyboard in Resources */,
				C089D3471D54A42700599DD7 /* XibWithViewController.xib in Resources */,
				C089D34C1D54A42700599DD7 /* AppRouterPresenterTests.storyboard in Resources */,
				C089D3441D54A42700599DD7 /* StoryboardWithInitialViewController.storyboard in Resources */,
			);
			runOnlyForDeploymentPostprocessing = 0;
		};
		C0BD35542102507A00513C86 /* Resources */ = {
			isa = PBXResourcesBuildPhase;
			buildActionMask = 2147483647;
			files = (
			);
			runOnlyForDeploymentPostprocessing = 0;
		};
		C0D64FD31FB44E25003B6B89 /* Resources */ = {
			isa = PBXResourcesBuildPhase;
			buildActionMask = 2147483647;
			files = (
			);
			runOnlyForDeploymentPostprocessing = 0;
		};
		C0D9173F2189D778009BFB47 /* Resources */ = {
			isa = PBXResourcesBuildPhase;
			buildActionMask = 2147483647;
			files = (
			);
			runOnlyForDeploymentPostprocessing = 0;
		};
/* End PBXResourcesBuildPhase section */

/* Begin PBXShellScriptBuildPhase section */
		C0388C6A2109C93800E42364 /* Copy Carthage frameworks */ = {
			isa = PBXShellScriptBuildPhase;
			buildActionMask = 2147483647;
			files = (
			);
			inputPaths = (
				RxSwift.framework,
				RxCocoa.framework,
				ReusableView.framework,
			);
			name = "Copy Carthage frameworks";
			outputPaths = (
			);
			runOnlyForDeploymentPostprocessing = 0;
			shellPath = /bin/sh;
			shellScript = " #exec \"${SRCROOT}/scripts/copy-carthage-frameworks.sh\"\n";
		};
/* End PBXShellScriptBuildPhase section */

/* Begin PBXSourcesBuildPhase section */
		C0388C6B2109CA3F00E42364 /* Sources */ = {
			isa = PBXSourcesBuildPhase;
			buildActionMask = 2147483647;
			files = (
				C0388C722109CA3F00E42364 /* AppDelegate.swift in Sources */,
			);
			runOnlyForDeploymentPostprocessing = 0;
		};
		C089D3191D54A3BF00599DD7 /* Sources */ = {
			isa = PBXSourcesBuildPhase;
			buildActionMask = 2147483647;
			files = (
				C0D917892189EB6A009BFB47 /* AppRouter.swift in Sources */,
				C0D9178A2189EB6E009BFB47 /* AppRouter+presenter.swift in Sources */,
			);
			runOnlyForDeploymentPostprocessing = 0;
		};
		C089D3231D54A3BF00599DD7 /* Sources */ = {
			isa = PBXSourcesBuildPhase;
			buildActionMask = 2147483647;
			files = (
				C089D33F1D54A42700599DD7 /* AppRouterInstantiationsTestsViewController.swift in Sources */,
				C089D3481D54A42700599DD7 /* AppRouterNavigationsTests.swift in Sources */,
				C0CF483A1F31E79300420613 /* ViewControllers.swift in Sources */,
				C089D3451D54A42700599DD7 /* StoryboardWithInitialViewController.swift in Sources */,
				C089D3531D54AB1800599DD7 /* TabBarControllerWithExpectations.swift in Sources */,
				C089D33C1D54A42700599DD7 /* AppRouterAnimationsTests.swift in Sources */,
				C089D3461D54A42700599DD7 /* XibWithViewController.swift in Sources */,
				C0EEE3EA1D59EC7B00AAEFEA /* AppRouterReactiveTests.swift in Sources */,
				C0B336F22108CBA700310CA3 /* ViewFactoryTestableViewController.swift in Sources */,
				C089D33E1D54A42700599DD7 /* AppRouterInstantiationsTests.swift in Sources */,
				C0BD354B21024D6A00513C86 /* AppRouterRouteTests.swift in Sources */,
				C089D3521D54AB1800599DD7 /* NavigationControllerWithExpectations.swift in Sources */,
				C089D3431D54A42700599DD7 /* StoryboardWithInitialNavigationViewController.swift in Sources */,
				C089D33B1D54A42700599DD7 /* AppRouterAccessorsTests.swift in Sources */,
				C089D34D1D54A42700599DD7 /* AppRouterPresenterTests.swift in Sources */,
				C089D3411D54A42700599DD7 /* StoryboardWithInitialNavigationController.swift in Sources */,
				C089D34B1D54A42700599DD7 /* AppRouterPresenterControllers.swift in Sources */,
				C089D3541D54AB1800599DD7 /* ViewControllerWithExpectations.swift in Sources */,
			);
			runOnlyForDeploymentPostprocessing = 0;
		};
		C0BD354D2102507A00513C86 /* Sources */ = {
			isa = PBXSourcesBuildPhase;
			buildActionMask = 2147483647;
			files = (
				C0D9176C2189E997009BFB47 /* AppRouter+route.swift in Sources */,
			);
			runOnlyForDeploymentPostprocessing = 0;
		};
		C0D64FC61FB44E25003B6B89 /* Sources */ = {
			isa = PBXSourcesBuildPhase;
			buildActionMask = 2147483647;
			files = (
				C0D9178B2189EB7C009BFB47 /* AppRouter+reactive_osx.swift in Sources */,
				C0D9178C2189EB7C009BFB47 /* AppRouter+reactive_ios.swift in Sources */,
			);
			runOnlyForDeploymentPostprocessing = 0;
		};
		C0D917382189D778009BFB47 /* Sources */ = {
			isa = PBXSourcesBuildPhase;
			buildActionMask = 2147483647;
			files = (
				C0D9178F2189EB88009BFB47 /* AppRouter+instantiations.swift in Sources */,
				C0D9178D2189EB88009BFB47 /* AppRouter+accessors.swift in Sources */,
				C0D917912189EB88009BFB47 /* AppRouter+configuration.swift in Sources */,
				C0D917902189EB88009BFB47 /* AppRouter+navigations.swift in Sources */,
				C0D9178E2189EB88009BFB47 /* AppRouter+animations.swift in Sources */,
			);
			runOnlyForDeploymentPostprocessing = 0;
		};
/* End PBXSourcesBuildPhase section */

/* Begin PBXTargetDependency section */
		C0388C652109C8AF00E42364 /* PBXTargetDependency */ = {
			isa = PBXTargetDependency;
			target = C089D31D1D54A3BF00599DD7 /* AppRouter */;
			targetProxy = C0388C642109C8AF00E42364 /* PBXContainerItemProxy */;
		};
		C0388C672109C8AF00E42364 /* PBXTargetDependency */ = {
			isa = PBXTargetDependency;
			target = C0D64FC11FB44E25003B6B89 /* AppRouterRx */;
			targetProxy = C0388C662109C8AF00E42364 /* PBXContainerItemProxy */;
		};
		C0388C692109C8AF00E42364 /* PBXTargetDependency */ = {
			isa = PBXTargetDependency;
			target = C0BD354C2102507A00513C86 /* AppRouterRoute */;
			targetProxy = C0388C682109C8AF00E42364 /* PBXContainerItemProxy */;
		};
		C0388C822109CA4700E42364 /* PBXTargetDependency */ = {
			isa = PBXTargetDependency;
			target = C0388C6E2109CA3F00E42364 /* TestApp */;
			targetProxy = C0388C812109CA4700E42364 /* PBXContainerItemProxy */;
		};
		C0D9174C2189E340009BFB47 /* PBXTargetDependency */ = {
			isa = PBXTargetDependency;
			target = C0D917372189D778009BFB47 /* AppRouterExtensionAPI */;
			targetProxy = C0D9174B2189E340009BFB47 /* PBXContainerItemProxy */;
		};
		C0D9174F2189E61D009BFB47 /* PBXTargetDependency */ = {
			isa = PBXTargetDependency;
			target = C0D917372189D778009BFB47 /* AppRouterExtensionAPI */;
			targetProxy = C0D9174E2189E61D009BFB47 /* PBXContainerItemProxy */;
		};
		C0D917512189E64B009BFB47 /* PBXTargetDependency */ = {
			isa = PBXTargetDependency;
			target = C0D917372189D778009BFB47 /* AppRouterExtensionAPI */;
			targetProxy = C0D917502189E64B009BFB47 /* PBXContainerItemProxy */;
		};
		C0D9177B2189EB18009BFB47 /* PBXTargetDependency */ = {
			isa = PBXTargetDependency;
			target = C089D31D1D54A3BF00599DD7 /* AppRouter */;
			targetProxy = C0D9177A2189EB18009BFB47 /* PBXContainerItemProxy */;
		};
		C0D9177F2189EB18009BFB47 /* PBXTargetDependency */ = {
			isa = PBXTargetDependency;
			target = C0D64FC11FB44E25003B6B89 /* AppRouterRx */;
			targetProxy = C0D9177E2189EB18009BFB47 /* PBXContainerItemProxy */;
		};
		C0D917832189EB18009BFB47 /* PBXTargetDependency */ = {
			isa = PBXTargetDependency;
			target = C0BD354C2102507A00513C86 /* AppRouterRoute */;
			targetProxy = C0D917822189EB18009BFB47 /* PBXContainerItemProxy */;
		};
		C0D917872189EB18009BFB47 /* PBXTargetDependency */ = {
			isa = PBXTargetDependency;
			target = C0D917372189D778009BFB47 /* AppRouterExtensionAPI */;
			targetProxy = C0D917862189EB18009BFB47 /* PBXContainerItemProxy */;
		};
/* End PBXTargetDependency section */

/* Begin PBXVariantGroup section */
		C0388C7A2109CA4000E42364 /* LaunchScreen.storyboard */ = {
			isa = PBXVariantGroup;
			children = (
				C0388C7B2109CA4000E42364 /* Base */,
			);
			name = LaunchScreen.storyboard;
			sourceTree = "<group>";
		};
/* End PBXVariantGroup section */

/* Begin XCBuildConfiguration section */
		9AC8CA041969BBB5006F1EAC /* Debug */ = {
			isa = XCBuildConfiguration;
			buildSettings = {
				ALWAYS_SEARCH_USER_PATHS = NO;
				CLANG_ENABLE_MODULES = YES;
				CLANG_ENABLE_OBJC_ARC = YES;
				CLANG_WARN_BLOCK_CAPTURE_AUTORELEASING = YES;
				CLANG_WARN_BOOL_CONVERSION = YES;
				CLANG_WARN_COMMA = YES;
				CLANG_WARN_CONSTANT_CONVERSION = YES;
				CLANG_WARN_DEPRECATED_OBJC_IMPLEMENTATIONS = YES;
				CLANG_WARN_DIRECT_OBJC_ISA_USAGE = YES_ERROR;
				CLANG_WARN_EMPTY_BODY = YES;
				CLANG_WARN_ENUM_CONVERSION = YES;
				CLANG_WARN_INFINITE_RECURSION = YES;
				CLANG_WARN_INT_CONVERSION = YES;
				CLANG_WARN_NON_LITERAL_NULL_CONVERSION = YES;
				CLANG_WARN_OBJC_IMPLICIT_RETAIN_SELF = YES;
				CLANG_WARN_OBJC_LITERAL_CONVERSION = YES;
				CLANG_WARN_OBJC_ROOT_CLASS = YES_ERROR;
				CLANG_WARN_QUOTED_INCLUDE_IN_FRAMEWORK_HEADER = YES;
				CLANG_WARN_RANGE_LOOP_ANALYSIS = YES;
				CLANG_WARN_STRICT_PROTOTYPES = YES;
				CLANG_WARN_SUSPICIOUS_MOVE = YES;
				CLANG_WARN_UNREACHABLE_CODE = YES;
				CLANG_WARN__DUPLICATE_METHOD_MATCH = YES;
				"CODE_SIGN_IDENTITY[sdk=iphoneos*]" = "iPhone Developer";
				COPY_PHASE_STRIP = NO;
				CURRENT_PROJECT_VERSION = 1;
				DEAD_CODE_STRIPPING = YES;
				DEBUG_INFORMATION_FORMAT = dwarf;
				ENABLE_STRICT_OBJC_MSGSEND = YES;
				ENABLE_TESTABILITY = YES;
				ENABLE_USER_SCRIPT_SANDBOXING = YES;
				FRAMEWORK_SEARCH_PATHS = (
					"$(inherited)",
					"$(PROJECT_DIR)/Carthage/Build/iOS",
				);
				"FRAMEWORK_SEARCH_PATHS[sdk=iphoneos*]" = (
					"$(SRCROOT)/Carthage/Build/iOS/",
					"$(inherited)",
				);
				"FRAMEWORK_SEARCH_PATHS[sdk=macosx*]" = (
					"$(SRCROOT)/Carthage/Build/Mac/",
					"$(inherited)",
				);
				GCC_DYNAMIC_NO_PIC = NO;
				GCC_NO_COMMON_BLOCKS = YES;
				GCC_OPTIMIZATION_LEVEL = 0;
				GCC_PREPROCESSOR_DEFINITIONS = (
					"DEBUG=1",
					"$(inherited)",
				);
				GCC_WARN_64_TO_32_BIT_CONVERSION = YES;
				GCC_WARN_ABOUT_RETURN_TYPE = YES_ERROR;
				GCC_WARN_UNDECLARED_SELECTOR = YES;
				GCC_WARN_UNINITIALIZED_AUTOS = YES_AGGRESSIVE;
				GCC_WARN_UNUSED_FUNCTION = YES;
				GCC_WARN_UNUSED_VARIABLE = YES;
				IPHONEOS_DEPLOYMENT_TARGET = 12.0;
				MACOSX_DEPLOYMENT_TARGET = 11.0;
				METAL_ENABLE_DEBUG_INFO = YES;
				ONLY_ACTIVE_ARCH = YES;
				SUPPORTED_PLATFORMS = "iphonesimulator iphoneos";
				SWIFT_OPTIMIZATION_LEVEL = "-Onone";
				SWIFT_SWIFT3_OBJC_INFERENCE = Off;
				SWIFT_VERSION = 4.0;
				TARGETED_DEVICE_FAMILY = "1,2";
				VERSIONING_SYSTEM = "apple-generic";
			};
			name = Debug;
		};
		9AC8CA051969BBB5006F1EAC /* Release */ = {
			isa = XCBuildConfiguration;
			buildSettings = {
				ALWAYS_SEARCH_USER_PATHS = NO;
				CLANG_ENABLE_MODULES = YES;
				CLANG_ENABLE_OBJC_ARC = YES;
				CLANG_WARN_BLOCK_CAPTURE_AUTORELEASING = YES;
				CLANG_WARN_BOOL_CONVERSION = YES;
				CLANG_WARN_COMMA = YES;
				CLANG_WARN_CONSTANT_CONVERSION = YES;
				CLANG_WARN_DEPRECATED_OBJC_IMPLEMENTATIONS = YES;
				CLANG_WARN_DIRECT_OBJC_ISA_USAGE = YES_ERROR;
				CLANG_WARN_EMPTY_BODY = YES;
				CLANG_WARN_ENUM_CONVERSION = YES;
				CLANG_WARN_INFINITE_RECURSION = YES;
				CLANG_WARN_INT_CONVERSION = YES;
				CLANG_WARN_NON_LITERAL_NULL_CONVERSION = YES;
				CLANG_WARN_OBJC_IMPLICIT_RETAIN_SELF = YES;
				CLANG_WARN_OBJC_LITERAL_CONVERSION = YES;
				CLANG_WARN_OBJC_ROOT_CLASS = YES_ERROR;
				CLANG_WARN_QUOTED_INCLUDE_IN_FRAMEWORK_HEADER = YES;
				CLANG_WARN_RANGE_LOOP_ANALYSIS = YES;
				CLANG_WARN_STRICT_PROTOTYPES = YES;
				CLANG_WARN_SUSPICIOUS_MOVE = YES;
				CLANG_WARN_UNREACHABLE_CODE = YES;
				CLANG_WARN__DUPLICATE_METHOD_MATCH = YES;
				"CODE_SIGN_IDENTITY[sdk=iphoneos*]" = "iPhone Developer";
				COPY_PHASE_STRIP = NO;
				CURRENT_PROJECT_VERSION = 1;
				DEAD_CODE_STRIPPING = YES;
				DEBUG_INFORMATION_FORMAT = "dwarf-with-dsym";
				ENABLE_NS_ASSERTIONS = NO;
				ENABLE_STRICT_OBJC_MSGSEND = YES;
				ENABLE_TESTABILITY = YES;
				ENABLE_USER_SCRIPT_SANDBOXING = YES;
				FRAMEWORK_SEARCH_PATHS = (
					"$(inherited)",
					"$(PROJECT_DIR)/Carthage/Build/iOS",
				);
				"FRAMEWORK_SEARCH_PATHS[sdk=iphoneos*]" = (
					"$(SRCROOT)/Carthage/Build/iOS/",
					"$(inherited)",
				);
				"FRAMEWORK_SEARCH_PATHS[sdk=macosx*]" = (
					"$(SRCROOT)/Carthage/Build/Mac/",
					"$(inherited)",
				);
				GCC_NO_COMMON_BLOCKS = YES;
				GCC_WARN_64_TO_32_BIT_CONVERSION = YES;
				GCC_WARN_ABOUT_RETURN_TYPE = YES_ERROR;
				GCC_WARN_UNDECLARED_SELECTOR = YES;
				GCC_WARN_UNINITIALIZED_AUTOS = YES_AGGRESSIVE;
				GCC_WARN_UNUSED_FUNCTION = YES;
				GCC_WARN_UNUSED_VARIABLE = YES;
				IPHONEOS_DEPLOYMENT_TARGET = 12.0;
				MACOSX_DEPLOYMENT_TARGET = 11.0;
				METAL_ENABLE_DEBUG_INFO = NO;
				SUPPORTED_PLATFORMS = "iphonesimulator iphoneos";
				SWIFT_COMPILATION_MODE = wholemodule;
				SWIFT_OPTIMIZATION_LEVEL = "-O";
				SWIFT_SWIFT3_OBJC_INFERENCE = Off;
				SWIFT_VERSION = 4.0;
				TARGETED_DEVICE_FAMILY = "1,2";
				VALIDATE_PRODUCT = YES;
				VERSIONING_SYSTEM = "apple-generic";
			};
			name = Release;
		};
		C0388C7F2109CA4000E42364 /* Debug */ = {
			isa = XCBuildConfiguration;
			buildSettings = {
				ALWAYS_EMBED_SWIFT_STANDARD_LIBRARIES = YES;
				ASSETCATALOG_COMPILER_APPICON_NAME = AppIcon;
				CLANG_ANALYZER_NONNULL = YES;
				CLANG_ANALYZER_NUMBER_OBJECT_CONVERSION = YES_AGGRESSIVE;
				CLANG_CXX_LANGUAGE_STANDARD = "gnu++14";
				CLANG_CXX_LIBRARY = "libc++";
				CLANG_ENABLE_OBJC_WEAK = YES;
				CLANG_WARN_DOCUMENTATION_COMMENTS = YES;
				CLANG_WARN_UNGUARDED_AVAILABILITY = YES_AGGRESSIVE;
				CODE_SIGN_IDENTITY = "iPhone Developer";
				"CODE_SIGN_IDENTITY[sdk=iphoneos*]" = "";
				CODE_SIGN_STYLE = Manual;
				DEVELOPMENT_TEAM = "";
				GCC_C_LANGUAGE_STANDARD = gnu11;
				INFOPLIST_FILE = TestApp/Info.plist;
				IPHONEOS_DEPLOYMENT_TARGET = 12.0;
				LD_RUNPATH_SEARCH_PATHS = (
					"$(inherited)",
					"@executable_path/Frameworks",
				);
				MTL_ENABLE_DEBUG_INFO = YES;
				PRODUCT_BUNDLE_IDENTIFIER = com.mlsdev.TestApp;
				PRODUCT_NAME = "$(TARGET_NAME)";
				PROVISIONING_PROFILE_SPECIFIER = "";
				SDKROOT = iphoneos;
				SWIFT_ACTIVE_COMPILATION_CONDITIONS = DEBUG;
				SWIFT_VERSION = 4.2;
				TARGETED_DEVICE_FAMILY = "1,2";
			};
			name = Debug;
		};
		C0388C802109CA4000E42364 /* Release */ = {
			isa = XCBuildConfiguration;
			buildSettings = {
				ALWAYS_EMBED_SWIFT_STANDARD_LIBRARIES = YES;
				ASSETCATALOG_COMPILER_APPICON_NAME = AppIcon;
				CLANG_ANALYZER_NONNULL = YES;
				CLANG_ANALYZER_NUMBER_OBJECT_CONVERSION = YES_AGGRESSIVE;
				CLANG_CXX_LANGUAGE_STANDARD = "gnu++14";
				CLANG_CXX_LIBRARY = "libc++";
				CLANG_ENABLE_OBJC_WEAK = YES;
				CLANG_WARN_DOCUMENTATION_COMMENTS = YES;
				CLANG_WARN_UNGUARDED_AVAILABILITY = YES_AGGRESSIVE;
				CODE_SIGN_IDENTITY = "iPhone Developer";
				"CODE_SIGN_IDENTITY[sdk=iphoneos*]" = "";
				CODE_SIGN_STYLE = Manual;
				DEVELOPMENT_TEAM = "";
				GCC_C_LANGUAGE_STANDARD = gnu11;
				INFOPLIST_FILE = TestApp/Info.plist;
				IPHONEOS_DEPLOYMENT_TARGET = 12.0;
				LD_RUNPATH_SEARCH_PATHS = (
					"$(inherited)",
					"@executable_path/Frameworks",
				);
				MTL_ENABLE_DEBUG_INFO = NO;
				PRODUCT_BUNDLE_IDENTIFIER = com.mlsdev.TestApp;
				PRODUCT_NAME = "$(TARGET_NAME)";
				PROVISIONING_PROFILE_SPECIFIER = "";
				SDKROOT = iphoneos;
				SWIFT_VERSION = 4.2;
				TARGETED_DEVICE_FAMILY = "1,2";
			};
			name = Release;
		};
		C089D3301D54A3BF00599DD7 /* Debug */ = {
			isa = XCBuildConfiguration;
			buildSettings = {
				APPLICATION_EXTENSION_API_ONLY = NO;
				CODE_SIGN_IDENTITY = "";
				DEFINES_MODULE = YES;
				DEVELOPMENT_TEAM = "";
				DYLIB_COMPATIBILITY_VERSION = 1;
				DYLIB_CURRENT_VERSION = 1;
				DYLIB_INSTALL_NAME_BASE = "@rpath";
				ENABLE_MODULE_VERIFIER = YES;
				GCC_NO_COMMON_BLOCKS = YES;
				INFOPLIST_FILE = Plists/AppRouter.plist;
				INSTALL_PATH = "$(LOCAL_LIBRARY_DIR)/Frameworks";
				LD_RUNPATH_SEARCH_PATHS = (
					"$(inherited)",
					"@executable_path/Frameworks",
					"@loader_path/Frameworks",
				);
				MODULE_VERIFIER_SUPPORTED_LANGUAGE_STANDARDS = "gnu17 gnu++14";
				MTL_ENABLE_DEBUG_INFO = YES;
				PRODUCT_BUNDLE_IDENTIFIER = mlsdev.AppRouter;
				PRODUCT_NAME = "$(TARGET_NAME)";
				SDKROOT = iphoneos;
				SKIP_INSTALL = YES;
				SWIFT_VERSION = 5.0;
				VERSION_INFO_PREFIX = "";
			};
			name = Debug;
		};
		C089D3311D54A3BF00599DD7 /* Release */ = {
			isa = XCBuildConfiguration;
			buildSettings = {
				APPLICATION_EXTENSION_API_ONLY = NO;
				CODE_SIGN_IDENTITY = "";
				DEFINES_MODULE = YES;
				DEVELOPMENT_TEAM = "";
				DYLIB_COMPATIBILITY_VERSION = 1;
				DYLIB_CURRENT_VERSION = 1;
				DYLIB_INSTALL_NAME_BASE = "@rpath";
				ENABLE_MODULE_VERIFIER = YES;
				GCC_NO_COMMON_BLOCKS = YES;
				INFOPLIST_FILE = Plists/AppRouter.plist;
				INSTALL_PATH = "$(LOCAL_LIBRARY_DIR)/Frameworks";
				LD_RUNPATH_SEARCH_PATHS = (
					"$(inherited)",
					"@executable_path/Frameworks",
					"@loader_path/Frameworks",
				);
				MODULE_VERIFIER_SUPPORTED_LANGUAGE_STANDARDS = "gnu17 gnu++14";
				MTL_ENABLE_DEBUG_INFO = NO;
				PRODUCT_BUNDLE_IDENTIFIER = mlsdev.AppRouter;
				PRODUCT_NAME = "$(TARGET_NAME)";
				SDKROOT = iphoneos;
				SKIP_INSTALL = YES;
				SWIFT_VERSION = 5.0;
				VERSION_INFO_PREFIX = "";
			};
			name = Release;
		};
		C089D3331D54A3BF00599DD7 /* Debug */ = {
			isa = XCBuildConfiguration;
			buildSettings = {
				ALWAYS_EMBED_SWIFT_STANDARD_LIBRARIES = YES;
				CLANG_ANALYZER_NONNULL = YES;
				CLANG_CXX_LANGUAGE_STANDARD = "gnu++0x";
				CLANG_CXX_LIBRARY = "libc++";
				"CODE_SIGN_IDENTITY[sdk=iphoneos*]" = "";
				CODE_SIGN_STYLE = Manual;
				DEVELOPMENT_TEAM = "";
				GCC_C_LANGUAGE_STANDARD = gnu99;
				GCC_NO_COMMON_BLOCKS = YES;
				INFOPLIST_FILE = Plists/Tests.plist;
				LD_RUNPATH_SEARCH_PATHS = (
					"$(inherited)",
					"@executable_path/Frameworks",
					"@loader_path/Frameworks",
				);
				MTL_ENABLE_DEBUG_INFO = YES;
				PRODUCT_BUNDLE_IDENTIFIER = mlsdev.AppRouterTests;
				PRODUCT_NAME = "$(TARGET_NAME)";
				PROVISIONING_PROFILE_SPECIFIER = "";
				SDKROOT = iphoneos;
				SWIFT_VERSION = 4.2;
				TEST_HOST = "$(BUILT_PRODUCTS_DIR)/TestApp.app/$(BUNDLE_EXECUTABLE_FOLDER_PATH)/TestApp";
			};
			name = Debug;
		};
		C089D3341D54A3BF00599DD7 /* Release */ = {
			isa = XCBuildConfiguration;
			buildSettings = {
				ALWAYS_EMBED_SWIFT_STANDARD_LIBRARIES = YES;
				CLANG_ANALYZER_NONNULL = YES;
				CLANG_CXX_LANGUAGE_STANDARD = "gnu++0x";
				CLANG_CXX_LIBRARY = "libc++";
				"CODE_SIGN_IDENTITY[sdk=iphoneos*]" = "";
				CODE_SIGN_STYLE = Manual;
				COPY_PHASE_STRIP = NO;
				DEVELOPMENT_TEAM = "";
				GCC_C_LANGUAGE_STANDARD = gnu99;
				GCC_NO_COMMON_BLOCKS = YES;
				INFOPLIST_FILE = Plists/Tests.plist;
				LD_RUNPATH_SEARCH_PATHS = (
					"$(inherited)",
					"@executable_path/Frameworks",
					"@loader_path/Frameworks",
				);
				MTL_ENABLE_DEBUG_INFO = NO;
				PRODUCT_BUNDLE_IDENTIFIER = mlsdev.AppRouterTests;
				PRODUCT_NAME = "$(TARGET_NAME)";
				PROVISIONING_PROFILE_SPECIFIER = "";
				SDKROOT = iphoneos;
				SWIFT_VERSION = 4.2;
				TEST_HOST = "$(BUILT_PRODUCTS_DIR)/TestApp.app/$(BUNDLE_EXECUTABLE_FOLDER_PATH)/TestApp";
			};
			name = Release;
		};
		C0BD35562102507A00513C86 /* Debug */ = {
			isa = XCBuildConfiguration;
			buildSettings = {
				APPLICATION_EXTENSION_API_ONLY = YES;
				CODE_SIGN_IDENTITY = "iPhone Developer";
				"CODE_SIGN_IDENTITY[sdk=iphoneos*]" = "";
				DEFINES_MODULE = YES;
				DEVELOPMENT_TEAM = "";
				DYLIB_COMPATIBILITY_VERSION = 1;
				DYLIB_CURRENT_VERSION = 1;
				DYLIB_INSTALL_NAME_BASE = "@rpath";
				ENABLE_MODULE_VERIFIER = YES;
				INFOPLIST_FILE = Plists/AppRouterRoute.plist;
				INSTALL_PATH = "$(LOCAL_LIBRARY_DIR)/Frameworks";
				LD_RUNPATH_SEARCH_PATHS = (
					"$(inherited)",
					"@executable_path/Frameworks",
					"@loader_path/Frameworks",
				);
				MODULE_VERIFIER_SUPPORTED_LANGUAGE_STANDARDS = "gnu17 gnu++14";
				MTL_ENABLE_DEBUG_INFO = YES;
				PRODUCT_BUNDLE_IDENTIFIER = mlsdev.AppRouter.route;
				PRODUCT_NAME = "$(TARGET_NAME)";
				SDKROOT = iphoneos;
				SKIP_INSTALL = YES;
				SUPPORTED_PLATFORMS = "iphonesimulator iphoneos";
				SWIFT_VERSION = 5.0;
			};
			name = Debug;
		};
		C0BD35572102507A00513C86 /* Release */ = {
			isa = XCBuildConfiguration;
			buildSettings = {
				APPLICATION_EXTENSION_API_ONLY = YES;
				CODE_SIGN_IDENTITY = "iPhone Developer";
				"CODE_SIGN_IDENTITY[sdk=iphoneos*]" = "";
				DEFINES_MODULE = YES;
				DEVELOPMENT_TEAM = "";
				DYLIB_COMPATIBILITY_VERSION = 1;
				DYLIB_CURRENT_VERSION = 1;
				DYLIB_INSTALL_NAME_BASE = "@rpath";
				ENABLE_MODULE_VERIFIER = YES;
				INFOPLIST_FILE = Plists/AppRouterRoute.plist;
				INSTALL_PATH = "$(LOCAL_LIBRARY_DIR)/Frameworks";
				LD_RUNPATH_SEARCH_PATHS = (
					"$(inherited)",
					"@executable_path/Frameworks",
					"@loader_path/Frameworks",
				);
				MODULE_VERIFIER_SUPPORTED_LANGUAGE_STANDARDS = "gnu17 gnu++14";
				MTL_ENABLE_DEBUG_INFO = NO;
				PRODUCT_BUNDLE_IDENTIFIER = mlsdev.AppRouter.route;
				PRODUCT_NAME = "$(TARGET_NAME)";
				SDKROOT = iphoneos;
				SKIP_INSTALL = YES;
				SUPPORTED_PLATFORMS = "iphonesimulator iphoneos";
				SWIFT_VERSION = 5.0;
			};
			name = Release;
		};
		C0D64FD61FB44E25003B6B89 /* Debug */ = {
			isa = XCBuildConfiguration;
			buildSettings = {
				APPLICATION_EXTENSION_API_ONLY = YES;
				CODE_SIGN_IDENTITY = "iPhone Developer";
				"CODE_SIGN_IDENTITY[sdk=iphoneos*]" = "";
				CODE_SIGN_STYLE = Manual;
				DEFINES_MODULE = YES;
				DEVELOPMENT_TEAM = "";
				DYLIB_COMPATIBILITY_VERSION = 1;
				DYLIB_CURRENT_VERSION = 1;
				DYLIB_INSTALL_NAME_BASE = "@rpath";
				ENABLE_MODULE_VERIFIER = YES;
				GCC_NO_COMMON_BLOCKS = YES;
				INFOPLIST_FILE = Plists/AppRouter.plist;
				INSTALL_PATH = "$(LOCAL_LIBRARY_DIR)/Frameworks";
				LD_RUNPATH_SEARCH_PATHS = (
					"$(inherited)",
					"@executable_path/Frameworks",
					"@loader_path/Frameworks",
				);
				MODULE_VERIFIER_SUPPORTED_LANGUAGE_STANDARDS = "gnu17 gnu++14";
				MTL_ENABLE_DEBUG_INFO = YES;
				PRODUCT_BUNDLE_IDENTIFIER = mlsdev.AppRouter.rx;
				PRODUCT_NAME = "$(TARGET_NAME)";
				PROVISIONING_PROFILE_SPECIFIER = "";
				SKIP_INSTALL = YES;
				SUPPORTED_PLATFORMS = "iphoneos iphonesimulator macosx";
				SUPPORTS_MACCATALYST = YES;
				SUPPORTS_MAC_DESIGNED_FOR_IPHONE_IPAD = YES;
				SWIFT_VERSION = 5.0;
				TARGETED_DEVICE_FAMILY = "1,2";
				VERSION_INFO_PREFIX = "";
			};
			name = Debug;
		};
		C0D64FD71FB44E25003B6B89 /* Release */ = {
			isa = XCBuildConfiguration;
			buildSettings = {
				APPLICATION_EXTENSION_API_ONLY = YES;
				CODE_SIGN_IDENTITY = "iPhone Developer";
				"CODE_SIGN_IDENTITY[sdk=iphoneos*]" = "";
				CODE_SIGN_STYLE = Manual;
				DEFINES_MODULE = YES;
				DEVELOPMENT_TEAM = "";
				DYLIB_COMPATIBILITY_VERSION = 1;
				DYLIB_CURRENT_VERSION = 1;
				DYLIB_INSTALL_NAME_BASE = "@rpath";
				ENABLE_MODULE_VERIFIER = YES;
				GCC_NO_COMMON_BLOCKS = YES;
				INFOPLIST_FILE = Plists/AppRouter.plist;
				INSTALL_PATH = "$(LOCAL_LIBRARY_DIR)/Frameworks";
				LD_RUNPATH_SEARCH_PATHS = (
					"$(inherited)",
					"@executable_path/Frameworks",
					"@loader_path/Frameworks",
				);
				MODULE_VERIFIER_SUPPORTED_LANGUAGE_STANDARDS = "gnu17 gnu++14";
				MTL_ENABLE_DEBUG_INFO = NO;
				PRODUCT_BUNDLE_IDENTIFIER = mlsdev.AppRouter.rx;
				PRODUCT_NAME = "$(TARGET_NAME)";
				PROVISIONING_PROFILE_SPECIFIER = "";
				SKIP_INSTALL = YES;
				SUPPORTED_PLATFORMS = "iphoneos iphonesimulator macosx";
				SUPPORTS_MACCATALYST = YES;
				SUPPORTS_MAC_DESIGNED_FOR_IPHONE_IPAD = YES;
				SWIFT_VERSION = 5.0;
				TARGETED_DEVICE_FAMILY = "1,2";
				VERSION_INFO_PREFIX = "";
			};
			name = Release;
		};
		C0D917412189D778009BFB47 /* Debug */ = {
			isa = XCBuildConfiguration;
			buildSettings = {
				APPLICATION_EXTENSION_API_ONLY = YES;
				CODE_SIGN_IDENTITY = "iPhone Developer";
				"CODE_SIGN_IDENTITY[sdk=iphoneos*]" = "";
				DEFINES_MODULE = YES;
				DEVELOPMENT_TEAM = "";
				DYLIB_COMPATIBILITY_VERSION = 1;
				DYLIB_CURRENT_VERSION = 1;
				DYLIB_INSTALL_NAME_BASE = "@rpath";
				INFOPLIST_FILE = Plists/AppExtensionAPI.plist;
				INSTALL_PATH = "$(LOCAL_LIBRARY_DIR)/Frameworks";
				LD_RUNPATH_SEARCH_PATHS = (
					"$(inherited)",
					"@executable_path/Frameworks",
					"@loader_path/Frameworks",
				);
				MTL_ENABLE_DEBUG_INFO = YES;
				PRODUCT_BUNDLE_IDENTIFIER = mlsdev.AppRouter.route.extension;
				PRODUCT_NAME = "$(TARGET_NAME)";
				SDKROOT = iphoneos;
				SKIP_INSTALL = YES;
				SUPPORTED_PLATFORMS = "iphonesimulator iphoneos";
				SWIFT_VERSION = 4.2;
			};
			name = Debug;
		};
		C0D917422189D778009BFB47 /* Release */ = {
			isa = XCBuildConfiguration;
			buildSettings = {
				APPLICATION_EXTENSION_API_ONLY = YES;
				CODE_SIGN_IDENTITY = "iPhone Developer";
				"CODE_SIGN_IDENTITY[sdk=iphoneos*]" = "";
				DEFINES_MODULE = YES;
				DEVELOPMENT_TEAM = "";
				DYLIB_COMPATIBILITY_VERSION = 1;
				DYLIB_CURRENT_VERSION = 1;
				DYLIB_INSTALL_NAME_BASE = "@rpath";
				INFOPLIST_FILE = Plists/AppExtensionAPI.plist;
				INSTALL_PATH = "$(LOCAL_LIBRARY_DIR)/Frameworks";
				LD_RUNPATH_SEARCH_PATHS = (
					"$(inherited)",
					"@executable_path/Frameworks",
					"@loader_path/Frameworks",
				);
				MTL_ENABLE_DEBUG_INFO = NO;
				PRODUCT_BUNDLE_IDENTIFIER = mlsdev.AppRouter.route.extension;
				PRODUCT_NAME = "$(TARGET_NAME)";
				SDKROOT = iphoneos;
				SKIP_INSTALL = YES;
				SUPPORTED_PLATFORMS = "iphonesimulator iphoneos";
				SWIFT_VERSION = 4.2;
			};
			name = Release;
		};
/* End XCBuildConfiguration section */

/* Begin XCConfigurationList section */
		9AC8C9EA1969BBB5006F1EAC /* Build configuration list for PBXProject "AppRouter" */ = {
			isa = XCConfigurationList;
			buildConfigurations = (
				9AC8CA041969BBB5006F1EAC /* Debug */,
				9AC8CA051969BBB5006F1EAC /* Release */,
			);
			defaultConfigurationIsVisible = 0;
			defaultConfigurationName = Release;
		};
		C0388C7E2109CA4000E42364 /* Build configuration list for PBXNativeTarget "TestApp" */ = {
			isa = XCConfigurationList;
			buildConfigurations = (
				C0388C7F2109CA4000E42364 /* Debug */,
				C0388C802109CA4000E42364 /* Release */,
			);
			defaultConfigurationIsVisible = 0;
			defaultConfigurationName = Release;
		};
		C089D32F1D54A3BF00599DD7 /* Build configuration list for PBXNativeTarget "AppRouter" */ = {
			isa = XCConfigurationList;
			buildConfigurations = (
				C089D3301D54A3BF00599DD7 /* Debug */,
				C089D3311D54A3BF00599DD7 /* Release */,
			);
			defaultConfigurationIsVisible = 0;
			defaultConfigurationName = Release;
		};
		C089D3321D54A3BF00599DD7 /* Build configuration list for PBXNativeTarget "Tests" */ = {
			isa = XCConfigurationList;
			buildConfigurations = (
				C089D3331D54A3BF00599DD7 /* Debug */,
				C089D3341D54A3BF00599DD7 /* Release */,
			);
			defaultConfigurationIsVisible = 0;
			defaultConfigurationName = Release;
		};
		C0BD35552102507A00513C86 /* Build configuration list for PBXNativeTarget "AppRouterRoute" */ = {
			isa = XCConfigurationList;
			buildConfigurations = (
				C0BD35562102507A00513C86 /* Debug */,
				C0BD35572102507A00513C86 /* Release */,
			);
			defaultConfigurationIsVisible = 0;
			defaultConfigurationName = Release;
		};
		C0D64FD51FB44E25003B6B89 /* Build configuration list for PBXNativeTarget "AppRouterRx" */ = {
			isa = XCConfigurationList;
			buildConfigurations = (
				C0D64FD61FB44E25003B6B89 /* Debug */,
				C0D64FD71FB44E25003B6B89 /* Release */,
			);
			defaultConfigurationIsVisible = 0;
			defaultConfigurationName = Release;
		};
		C0D917402189D778009BFB47 /* Build configuration list for PBXNativeTarget "AppRouterExtensionAPI" */ = {
			isa = XCConfigurationList;
			buildConfigurations = (
				C0D917412189D778009BFB47 /* Debug */,
				C0D917422189D778009BFB47 /* Release */,
			);
			defaultConfigurationIsVisible = 0;
			defaultConfigurationName = Release;
		};
/* End XCConfigurationList section */
	};
	rootObject = 9AC8C9E71969BBB5006F1EAC /* Project object */;
}
